
Microsoft Visual Studio Solution File, Format Version 12.00
# Visual Studio Version 17
VisualStudioVersion = 17.8.34408.163
MinimumVisualStudioVersion = 10.0.40219.1
Project("{8BC9CEB8-8B4A-11D0-8D11-00A0C91BC942}") = "Server", "Server\Server.vcxproj", "{30A51547-48AD-40F1-A880-948EF7D87A35}"
EndProject
Project("{8BC9CEB8-8B4A-11D0-8D11-00A0C91BC942}") = "Modern Network", "Modern Network\Modern Network\Modern Network.vcxproj", "{D672B687-2D7D-4592-8343-07C93596A1EF}"
EndProject
Global
	GlobalSection(SolutionConfigurationPlatforms) = preSolution
		Debug|x64 = Debug|x64
		Debug|x86 = Debug|x86
		Release|x64 = Release|x64
		Release|x86 = Release|x86
	EndGlobalSection
	GlobalSection(ProjectConfigurationPlatforms) = postSolution
		{30A51547-48AD-40F1-A880-948EF7D87A35}.Debug|x64.ActiveCfg = Debug|x64
		{30A51547-48AD-40F1-A880-948EF7D87A35}.Debug|x64.Build.0 = Debug|x64
		{30A51547-48AD-40F1-A880-948EF7D87A35}.Debug|x86.ActiveCfg = Debug|Win32
		{30A51547-48AD-40F1-A880-948EF7D87A35}.Debug|x86.Build.0 = Debug|Win32
		{30A51547-48AD-40F1-A880-948EF7D87A35}.Release|x64.ActiveCfg = Release|x64
		{30A51547-48AD-40F1-A880-948EF7D87A35}.Release|x64.Build.0 = Release|x64
		{30A51547-48AD-40F1-A880-948EF7D87A35}.Release|x86.ActiveCfg = Release|Win32
		{30A51547-48AD-40F1-A880-948EF7D87A35}.Release|x86.Build.0 = Release|Win32
		{D672B687-2D7D-4592-8343-07C93596A1EF}.Debug|x64.ActiveCfg = Debug|x64
		{D672B687-2D7D-4592-8343-07C93596A1EF}.Debug|x64.Build.0 = Debug|x64
		{D672B687-2D7D-4592-8343-07C93596A1EF}.Debug|x86.ActiveCfg = Debug|x64
		{D672B687-2D7D-4592-8343-07C93596A1EF}.Debug|x86.Build.0 = Debug|x64
		{D672B687-2D7D-4592-8343-07C93596A1EF}.Release|x64.ActiveCfg = Release|x64
		{D672B687-2D7D-4592-8343-07C93596A1EF}.Release|x64.Build.0 = Release|x64
		{D672B687-2D7D-4592-8343-07C93596A1EF}.Release|x86.ActiveCfg = Release|x64
		{D672B687-2D7D-4592-8343-07C93596A1EF}.Release|x86.Build.0 = Release|x64
	EndGlobalSection
	GlobalSection(SolutionProperties) = preSolution
		HideSolutionNode = FALSE
	EndGlobalSection
	GlobalSection(ExtensibilityGlobals) = postSolution
		SolutionGuid = {2D70F153-60F3-40D7-A98C-A323FC5C7415}
	EndGlobalSection
EndGlobal
