<?xml version="1.0" encoding="utf-8"?>
<Project ToolsVersion="4.0" xmlns="http://schemas.microsoft.com/developer/msbuild/2003">
  <ItemGroup>
    <Filter Include="Public">
      <UniqueIdentifier>{5616c999-1974-4799-9f87-dbac9636eac8}</UniqueIdentifier>
    </Filter>
    <Filter Include="Private">
      <UniqueIdentifier>{084edee7-92bf-463f-9344-5234c069fe7a}</UniqueIdentifier>
    </Filter>
  </ItemGroup>
  <ItemGroup>
    <ClCompile Include="$(MSBuildThisFileDirectory)inc\Annihilator.ixx">
      <Filter>Public</Filter>
    </ClCompile>
    <ClCompile Include="$(MSBuildThisFileDirectory)inc\AtomicSwitcher.ixx">
      <Filter>Public</Filter>
    </ClCompile>
    <ClCompile Include="$(MSBuildThisFileDirectory)inc\Awaitable.ixx">
      <Filter>Public</Filter>
    </ClCompile>
    <ClCompile Include="$(MSBuildThisFileDirectory)inc\BasicCoroutine.ixx">
      <Filter>Public</Filter>
    </ClCompile>
    <ClCompile Include="$(MSBuildThisFileDirectory)inc\BasicPromise.ixx">
      <Filter>Public</Filter>
    </ClCompile>
    <ClCompile Include="$(MSBuildThisFileDirectory)inc\BehaviourTree.ixx">
      <Filter>Public</Filter>
    </ClCompile>
    <ClCompile Include="$(MSBuildThisFileDirectory)inc\BorrowedPointer.ixx">
      <Filter>Public</Filter>
    </ClCompile>
    <ClCompile Include="$(MSBuildThisFileDirectory)inc\ConcurrentAwaiter.ixx">
      <Filter>Public</Filter>
    </ClCompile>
    <ClCompile Include="$(MSBuildThisFileDirectory)inc\ConcurrentLinkedList.ixx">
      <Filter>Public</Filter>
    </ClCompile>
    <ClCompile Include="$(MSBuildThisFileDirectory)inc\ConcurrentList.ixx">
      <Filter>Public</Filter>
    </ClCompile>
    <ClCompile Include="$(MSBuildThisFileDirectory)inc\ConcurrentStack.ixx">
      <Filter>Public</Filter>
    </ClCompile>
    <ClCompile Include="$(MSBuildThisFileDirectory)inc\Constraints.ixx">
      <Filter>Public</Filter>
    </ClCompile>
    <ClCompile Include="$(MSBuildThisFileDirectory)inc\Coroutine.ixx">
      <Filter>Public</Filter>
    </ClCompile>
    <ClCompile Include="$(MSBuildThisFileDirectory)inc\File.ixx">
      <Filter>Public</Filter>
    </ClCompile>
    <ClCompile Include="$(MSBuildThisFileDirectory)inc\FixedString.ixx">
      <Filter>Public</Filter>
    </ClCompile>
    <ClCompile Include="$(MSBuildThisFileDirectory)inc\FlatMap.ixx">
      <Filter>Public</Filter>
    </ClCompile>
    <ClCompile Include="$(MSBuildThisFileDirectory)inc\Handler.ixx">
      <Filter>Public</Filter>
    </ClCompile>
    <ClCompile Include="$(MSBuildThisFileDirectory)inc\IAwaitable.ixx">
      <Filter>Public</Filter>
    </ClCompile>
    <ClCompile Include="$(MSBuildThisFileDirectory)inc\IObject.ixx">
      <Filter>Public</Filter>
    </ClCompile>
    <ClCompile Include="$(MSBuildThisFileDirectory)inc\IoSchedule.ixx">
      <Filter>Public</Filter>
    </ClCompile>
    <ClCompile Include="$(MSBuildThisFileDirectory)inc\IPromise.ixx">
      <Filter>Public</Filter>
    </ClCompile>
    <ClCompile Include="$(MSBuildThisFileDirectory)inc\IProperty.ixx">
      <Filter>Public</Filter>
    </ClCompile>
    <ClCompile Include="$(MSBuildThisFileDirectory)inc\IResourcePool.ixx">
      <Filter>Public</Filter>
    </ClCompile>
    <ClCompile Include="$(MSBuildThisFileDirectory)inc\Logger.ixx">
      <Filter>Public</Filter>
    </ClCompile>
    <ClCompile Include="$(MSBuildThisFileDirectory)inc\Meta.ixx">
      <Filter>Public</Filter>
    </ClCompile>
    <ClCompile Include="$(MSBuildThisFileDirectory)inc\NativeHandle.ixx">
      <Filter>Public</Filter>
    </ClCompile>
    <ClCompile Include="$(MSBuildThisFileDirectory)inc\Promissory.ixx">
      <Filter>Public</Filter>
    </ClCompile>
    <ClCompile Include="$(MSBuildThisFileDirectory)inc\Property.ixx">
      <Filter>Public</Filter>
    </ClCompile>
    <ClCompile Include="$(MSBuildThisFileDirectory)inc\RecursiveTemplateClass.ixx">
      <Filter>Public</Filter>
    </ClCompile>
    <ClCompile Include="$(MSBuildThisFileDirectory)inc\Schedule.ixx">
      <Filter>Public</Filter>
    </ClCompile>
    <ClCompile Include="$(MSBuildThisFileDirectory)inc\Scheduler.ixx">
      <Filter>Public</Filter>
    </ClCompile>
    <ClCompile Include="$(MSBuildThisFileDirectory)inc\SkipList.ixx">
      <Filter>Public</Filter>
    </ClCompile>
    <ClCompile Include="$(MSBuildThisFileDirectory)inc\Suspender.ixx">
      <Filter>Public</Filter>
    </ClCompile>
    <ClCompile Include="$(MSBuildThisFileDirectory)inc\Task.ixx">
      <Filter>Public</Filter>
    </ClCompile>
    <ClCompile Include="$(MSBuildThisFileDirectory)inc\TimedAwaiter.ixx">
      <Filter>Public</Filter>
    </ClCompile>
    <ClCompile Include="$(MSBuildThisFileDirectory)inc\Traits.ixx">
      <Filter>Public</Filter>
    </ClCompile>
    <ClCompile Include="$(MSBuildThisFileDirectory)inc\TypeList.ixx">
      <Filter>Public</Filter>
    </ClCompile>
    <ClCompile Include="$(MSBuildThisFileDirectory)inc\ValuePromise.ixx">
      <Filter>Public</Filter>
    </ClCompile>
    <ClCompile Include="$(MSBuildThisFileDirectory)src\ConcurrentAwaiter.cpp">
      <Filter>Private</Filter>
    </ClCompile>
    <ClCompile Include="$(MSBuildThisFileDirectory)src\Coroutine.cpp">
      <Filter>Private</Filter>
    </ClCompile>
    <ClCompile Include="$(MSBuildThisFileDirectory)src\File.cpp">
      <Filter>Private</Filter>
    </ClCompile>
    <ClCompile Include="$(MSBuildThisFileDirectory)src\FlatMap.cpp">
      <Filter>Private</Filter>
    </ClCompile>
    <ClCompile Include="$(MSBuildThisFileDirectory)src\Logger.cpp">
      <Filter>Private</Filter>
    </ClCompile>
    <ClCompile Include="$(MSBuildThisFileDirectory)src\NativeHandle.cpp">
      <Filter>Private</Filter>
    </ClCompile>
    <ClCompile Include="$(MSBuildThisFileDirectory)src\Task.cpp">
      <Filter>Private</Filter>
    </ClCompile>
    <ClCompile Include="$(MSBuildThisFileDirectory)src\TimedAwaiter.cpp">
      <Filter>Private</Filter>
    </ClCompile>
  </ItemGroup>
  <ItemGroup>
    <ClInclude Include="$(MSBuildThisFileDirectory)inc\BehaviourTreeHelper.hpp">
      <Filter>Public</Filter>
    </ClInclude>
  </ItemGroup>
</Project>