<?xml version="1.0" encoding="utf-8"?>
<Project ToolsVersion="4.0" xmlns="http://schemas.microsoft.com/developer/msbuild/2003">
  <ItemGroup>
    <Filter Include="Public">
      <UniqueIdentifier>{c5996599-9ab3-4e09-915a-62baa05644b7}</UniqueIdentifier>
    </Filter>
    <Filter Include="Private">
      <UniqueIdentifier>{32905f5f-2a22-4c51-bd10-bf9c0dea556d}</UniqueIdentifier>
    </Filter>
  </ItemGroup>
  <ItemGroup>
    <ClCompile Include="$(MSBuildThisFileDirectory)inc\Awaitable.ixx">
      <Filter>Public</Filter>
    </ClCompile>
    <ClCompile Include="$(MSBuildThisFileDirectory)inc\BasicCoroutine.ixx">
      <Filter>Public</Filter>
    </ClCompile>
    <ClCompile Include="$(MSBuildThisFileDirectory)inc\BasicPromise.ixx">
      <Filter>Public</Filter>
    </ClCompile>
    <ClCompile Include="$(MSBuildThisFileDirectory)inc\BorrowedPointer.ixx">
      <Filter>Public</Filter>
    </ClCompile>
    <ClCompile Include="$(MSBuildThisFileDirectory)inc\ConcurrentAwaiter.ixx">
      <Filter>Public</Filter>
    </ClCompile>
    <ClCompile Include="$(MSBuildThisFileDirectory)inc\ConcurrentStack.ixx">
      <Filter>Public</Filter>
    </ClCompile>
    <ClCompile Include="$(MSBuildThisFileDirectory)inc\Constraints.ixx">
      <Filter>Public</Filter>
    </ClCompile>
    <ClCompile Include="$(MSBuildThisFileDirectory)inc\Coroutine.ixx">
      <Filter>Public</Filter>
    </ClCompile>
    <ClCompile Include="$(MSBuildThisFileDirectory)inc\EndPoint.ixx">
      <Filter>Public</Filter>
    </ClCompile>
    <ClCompile Include="$(MSBuildThisFileDirectory)inc\ErrorCode.ixx">
      <Filter>Public</Filter>
    </ClCompile>
    <ClCompile Include="$(MSBuildThisFileDirectory)inc\FixedString.ixx">
      <Filter>Public</Filter>
    </ClCompile>
    <ClCompile Include="$(MSBuildThisFileDirectory)inc\Handler.ixx">
      <Filter>Public</Filter>
    </ClCompile>
    <ClCompile Include="$(MSBuildThisFileDirectory)inc\IAwaitable.ixx">
      <Filter>Public</Filter>
    </ClCompile>
    <ClCompile Include="$(MSBuildThisFileDirectory)inc\InternetProtocols.ixx">
      <Filter>Public</Filter>
    </ClCompile>
    <ClCompile Include="$(MSBuildThisFileDirectory)inc\IObject.ixx">
      <Filter>Public</Filter>
    </ClCompile>
    <ClCompile Include="$(MSBuildThisFileDirectory)inc\IoContext.ixx">
      <Filter>Public</Filter>
    </ClCompile>
    <ClCompile Include="$(MSBuildThisFileDirectory)inc\IoEntity.ixx">
      <Filter>Public</Filter>
    </ClCompile>
    <ClCompile Include="$(MSBuildThisFileDirectory)inc\IoEvent.ixx">
      <Filter>Public</Filter>
    </ClCompile>
    <ClCompile Include="$(MSBuildThisFileDirectory)inc\IoSchedule.ixx">
      <Filter>Public</Filter>
    </ClCompile>
    <ClCompile Include="$(MSBuildThisFileDirectory)inc\IoService.ixx">
      <Filter>Public</Filter>
    </ClCompile>
    <ClCompile Include="$(MSBuildThisFileDirectory)inc\IoStation.ixx">
      <Filter>Public</Filter>
    </ClCompile>
    <ClCompile Include="$(MSBuildThisFileDirectory)inc\IpAddress.ixx">
      <Filter>Public</Filter>
    </ClCompile>
    <ClCompile Include="$(MSBuildThisFileDirectory)inc\IpAddressFamily.ixx">
      <Filter>Public</Filter>
    </ClCompile>
    <ClCompile Include="$(MSBuildThisFileDirectory)inc\IPromise.ixx">
      <Filter>Public</Filter>
    </ClCompile>
    <ClCompile Include="$(MSBuildThisFileDirectory)inc\IProperty.ixx">
      <Filter>Public</Filter>
    </ClCompile>
    <ClCompile Include="$(MSBuildThisFileDirectory)inc\IPv4Address.ixx">
      <Filter>Public</Filter>
    </ClCompile>
    <ClCompile Include="$(MSBuildThisFileDirectory)inc\IPv6Address.ixx">
      <Filter>Public</Filter>
    </ClCompile>
    <ClCompile Include="$(MSBuildThisFileDirectory)inc\IResourcePool.ixx">
      <Filter>Public</Filter>
    </ClCompile>
    <ClCompile Include="$(MSBuildThisFileDirectory)inc\Meta.ixx">
      <Filter>Public</Filter>
    </ClCompile>
    <ClCompile Include="$(MSBuildThisFileDirectory)inc\NativeHandle.ixx">
      <Filter>Public</Filter>
    </ClCompile>
    <ClCompile Include="$(MSBuildThisFileDirectory)inc\Net.ixx">
      <Filter>Public</Filter>
    </ClCompile>
    <ClCompile Include="$(MSBuildThisFileDirectory)inc\NetworkInitializationError.ixx">
      <Filter>Public</Filter>
    </ClCompile>
    <ClCompile Include="$(MSBuildThisFileDirectory)inc\Promissory.ixx">
      <Filter>Public</Filter>
    </ClCompile>
    <ClCompile Include="$(MSBuildThisFileDirectory)inc\Property.ixx">
      <Filter>Public</Filter>
    </ClCompile>
    <ClCompile Include="$(MSBuildThisFileDirectory)inc\Schedule.ixx">
      <Filter>Public</Filter>
    </ClCompile>
    <ClCompile Include="$(MSBuildThisFileDirectory)inc\Scheduler.ixx">
      <Filter>Public</Filter>
    </ClCompile>
    <ClCompile Include="$(MSBuildThisFileDirectory)inc\ServerSetupError.ixx">
      <Filter>Public</Filter>
    </ClCompile>
    <ClCompile Include="$(MSBuildThisFileDirectory)inc\SkipList.ixx">
      <Filter>Public</Filter>
    </ClCompile>
    <ClCompile Include="$(MSBuildThisFileDirectory)inc\Socket.ixx">
      <Filter>Public</Filter>
    </ClCompile>
    <ClCompile Include="$(MSBuildThisFileDirectory)inc\SocketClosingErrorCodes.ixx">
      <Filter>Public</Filter>
    </ClCompile>
    <ClCompile Include="$(MSBuildThisFileDirectory)inc\SocketGeneralErrorCodes.ixx">
      <Filter>Public</Filter>
    </ClCompile>
    <ClCompile Include="$(MSBuildThisFileDirectory)inc\SocketOpenErrorCodes.ixx">
      <Filter>Public</Filter>
    </ClCompile>
    <ClCompile Include="$(MSBuildThisFileDirectory)inc\SocketOptionErrorCodes.ixx">
      <Filter>Public</Filter>
    </ClCompile>
    <ClCompile Include="$(MSBuildThisFileDirectory)inc\SocketOptions.ixx">
      <Filter>Public</Filter>
    </ClCompile>
    <ClCompile Include="$(MSBuildThisFileDirectory)inc\SocketPool.ixx">
      <Filter>Public</Filter>
    </ClCompile>
    <ClCompile Include="$(MSBuildThisFileDirectory)inc\SocketReceivingErrorCodes.ixx">
      <Filter>Public</Filter>
    </ClCompile>
    <ClCompile Include="$(MSBuildThisFileDirectory)inc\SocketResult.ixx">
      <Filter>Public</Filter>
    </ClCompile>
    <ClCompile Include="$(MSBuildThisFileDirectory)inc\SocketSendingErrorCodes.ixx">
      <Filter>Public</Filter>
    </ClCompile>
    <ClCompile Include="$(MSBuildThisFileDirectory)inc\SocketType.ixx">
      <Filter>Public</Filter>
    </ClCompile>
    <ClCompile Include="$(MSBuildThisFileDirectory)inc\Suspender.ixx">
      <Filter>Public</Filter>
    </ClCompile>
    <ClCompile Include="$(MSBuildThisFileDirectory)inc\Task.ixx">
      <Filter>Public</Filter>
    </ClCompile>
    <ClCompile Include="$(MSBuildThisFileDirectory)inc\TimedAwaiter.ixx">
      <Filter>Public</Filter>
    </ClCompile>
    <ClCompile Include="$(MSBuildThisFileDirectory)inc\Traits.ixx">
      <Filter>Public</Filter>
    </ClCompile>
    <ClCompile Include="$(MSBuildThisFileDirectory)inc\TypeList.ixx">
      <Filter>Public</Filter>
    </ClCompile>
    <ClCompile Include="$(MSBuildThisFileDirectory)inc\ValuePromise.ixx">
      <Filter>Public</Filter>
    </ClCompile>
    <ClCompile Include="$(MSBuildThisFileDirectory)src\ConcurrentAwaiter.cpp">
      <Filter>Private</Filter>
    </ClCompile>
    <ClCompile Include="$(MSBuildThisFileDirectory)src\Coroutine.cpp">
      <Filter>Private</Filter>
    </ClCompile>
    <ClCompile Include="$(MSBuildThisFileDirectory)src\EndPoint.cpp">
      <Filter>Private</Filter>
    </ClCompile>
    <ClCompile Include="$(MSBuildThisFileDirectory)src\IoSchedule.cpp">
      <Filter>Private</Filter>
    </ClCompile>
    <ClCompile Include="$(MSBuildThisFileDirectory)src\IoStation.cpp">
      <Filter>Private</Filter>
    </ClCompile>
    <ClCompile Include="$(MSBuildThisFileDirectory)src\IpAddress.cpp">
      <Filter>Private</Filter>
    </ClCompile>
    <ClCompile Include="$(MSBuildThisFileDirectory)src\IpAddressFamily.cpp">
      <Filter>Private</Filter>
    </ClCompile>
    <ClCompile Include="$(MSBuildThisFileDirectory)src\NativeHandle.cpp">
      <Filter>Private</Filter>
    </ClCompile>
    <ClCompile Include="$(MSBuildThisFileDirectory)src\Net.cpp">
      <Filter>Private</Filter>
    </ClCompile>
    <ClCompile Include="$(MSBuildThisFileDirectory)src\Socket.cpp">
      <Filter>Private</Filter>
    </ClCompile>
    <ClCompile Include="$(MSBuildThisFileDirectory)src\Socket_connectors.cpp">
      <Filter>Private</Filter>
    </ClCompile>
    <ClCompile Include="$(MSBuildThisFileDirectory)src\Socket_observers.cpp">
      <Filter>Private</Filter>
    </ClCompile>
    <ClCompile Include="$(MSBuildThisFileDirectory)src\Socket_receivers.cpp">
      <Filter>Private</Filter>
    </ClCompile>
    <ClCompile Include="$(MSBuildThisFileDirectory)src\Socket_senders.cpp">
      <Filter>Private</Filter>
    </ClCompile>
    <ClCompile Include="$(MSBuildThisFileDirectory)src\SocketErrorCode.cpp">
      <Filter>Private</Filter>
    </ClCompile>
    <ClCompile Include="$(MSBuildThisFileDirectory)src\SocketPool.cpp">
      <Filter>Private</Filter>
    </ClCompile>
    <ClCompile Include="$(MSBuildThisFileDirectory)src\Task.cpp">
      <Filter>Private</Filter>
    </ClCompile>
    <ClCompile Include="$(MSBuildThisFileDirectory)src\TimedAwaiter.cpp">
      <Filter>Private</Filter>
    </ClCompile>
  </ItemGroup>
</Project>