
Microsoft Visual Studio Solution File, Format Version 12.00
# Visual Studio Version 17
VisualStudioVersion = 17.0.31314.256
MinimumVisualStudioVersion = 10.0.40219.1
Project("{2150E333-8FDC-42A3-9474-1A3956D46DE8}") = "Automation", "Automation", "{0BFBE63A-B98A-3411-8EEB-8918FEC737B3}"
EndProject
Project("{2150E333-8FDC-42A3-9474-1A3956D46DE8}") = "Engine", "Engine", "{233774A8-CC9D-3FA9-86D1-90573E92B704}"
EndProject
Project("{2150E333-8FDC-42A3-9474-1A3956D46DE8}") = "Games", "Games", "{DE1F8B53-6C02-3C13-9101-A7C8D96F3FF6}"
EndProject
Project("{2150E333-8FDC-42A3-9474-1A3956D46DE8}") = "Programs", "Programs", "{A338B9E2-A559-34BE-A46D-F789DD488FAD}"
EndProject
Project("{2150E333-8FDC-42A3-9474-1A3956D46DE8}") = "Rules", "Rules", "{C2F57ECE-B26F-39D8-BDA7-C1D40BD8F180}"
EndProject
Project("{2150E333-8FDC-42A3-9474-1A3956D46DE8}") = "Shared", "Shared", "{57713676-9DBE-331C-AD10-26632AC9EE0C}"
EndProject
Project("{2150E333-8FDC-42A3-9474-1A3956D46DE8}") = "UnrealBuildTool.Plugins", "UnrealBuildTool.Plugins", "{7B5CFB44-F0FB-31DF-AE62-C3C096A29A7B}"
EndProject
Project("{8BC9CEB8-8B4A-11D0-8D11-00A0C91BC942}") = "SagaGame", "Intermediate\ProjectFiles\SagaGame.vcxproj", "{0E3595E9-D42E-38F4-8C87-24D27CF2E364}"
	ProjectSection(ProjectDependencies) = postProject
		{BE97B964-72E1-361E-8FAC-59839C46AB45} = {BE97B964-72E1-361E-8FAC-59839C46AB45}
	EndProjectSection
EndProject
Project("{8BC9CEB8-8B4A-11D0-8D11-00A0C91BC942}") = "UE5", "Intermediate\ProjectFiles\UE5.vcxproj", "{A7964960-BABF-38AF-8A68-0E4EE4B7A7D6}"
EndProject
Project("{FAE04EC0-301F-11D3-BF4B-00C04F79EFBC}") = "UnrealBuildTool", "E:\ProgramFiles\UE_5.3\Engine\Source\Programs\UnrealBuildTool\UnrealBuildTool.csproj", "{BE97B964-72E1-361E-8FAC-59839C46AB45}"
EndProject
Project("{FAE04EC0-301F-11D3-BF4B-00C04F79EFBC}") = "AutomationTool", "E:\ProgramFiles\UE_5.3\Engine\Source\Programs\AutomationTool\AutomationTool.csproj", "{F418B12D-E7B6-3033-ADF9-D4F50446AB4D}"
EndProject
Project("{FAE04EC0-301F-11D3-BF4B-00C04F79EFBC}") = "Android.Automation", "E:\ProgramFiles\UE_5.3\Engine\Source\Programs\AutomationTool\Android\Android.Automation.csproj", "{BA7967AD-1F45-34F4-861E-D7C3AD12CC8E}"
EndProject
Project("{FAE04EC0-301F-11D3-BF4B-00C04F79EFBC}") = "Apple.Automation", "E:\ProgramFiles\UE_5.3\Engine\Source\Programs\AutomationTool\Apple\Apple.Automation.csproj", "{1D6C010F-9B2C-3EFF-81C2-FEC50E00B782}"
EndProject
Project("{FAE04EC0-301F-11D3-BF4B-00C04F79EFBC}") = "AutomationUtils.Automation", "E:\ProgramFiles\UE_5.3\Engine\Source\Programs\AutomationTool\AutomationUtils\AutomationUtils.Automation.csproj", "{587016E4-ECEC-3A9A-81A8-41261A2CAB7F}"
EndProject
Project("{FAE04EC0-301F-11D3-BF4B-00C04F79EFBC}") = "BuildGraph.Automation", "E:\ProgramFiles\UE_5.3\Engine\Source\Programs\AutomationTool\BuildGraph\BuildGraph.Automation.csproj", "{3FC4EEE8-06A7-3C15-96A7-3B82E4463D06}"
EndProject
Project("{FAE04EC0-301F-11D3-BF4B-00C04F79EFBC}") = "CookedEditor.Automation", "E:\ProgramFiles\UE_5.3\Engine\Source\Programs\AutomationTool\CookedEditor\CookedEditor.Automation.csproj", "{D1F85158-BDE0-3BC7-8D0C-23E9F589B6F0}"
EndProject
Project("{FAE04EC0-301F-11D3-BF4B-00C04F79EFBC}") = "CrowdinLocalization.Automation", "E:\ProgramFiles\UE_5.3\Engine\Source\Programs\AutomationTool\CrowdinLocalization\CrowdinLocalization.Automation.csproj", "{E630F977-2177-3706-AAF9-4B7D430D7FD7}"
EndProject
Project("{FAE04EC0-301F-11D3-BF4B-00C04F79EFBC}") = "Gauntlet.Automation", "E:\ProgramFiles\UE_5.3\Engine\Source\Programs\AutomationTool\Gauntlet\Gauntlet.Automation.csproj", "{80E4E318-CB66-30C8-8B3B-AF756AEF4E04}"
EndProject
Project("{FAE04EC0-301F-11D3-BF4B-00C04F79EFBC}") = "IOS.Automation", "E:\ProgramFiles\UE_5.3\Engine\Source\Programs\AutomationTool\IOS\IOS.Automation.csproj", "{C92CDCDD-12D4-3500-930C-75F75989248C}"
EndProject
Project("{FAE04EC0-301F-11D3-BF4B-00C04F79EFBC}") = "Linux.Automation", "E:\ProgramFiles\UE_5.3\Engine\Source\Programs\AutomationTool\Linux\Linux.Automation.csproj", "{DB729C8A-434B-3726-A138-A1484C2DDDD9}"
EndProject
Project("{FAE04EC0-301F-11D3-BF4B-00C04F79EFBC}") = "Localization.Automation", "E:\ProgramFiles\UE_5.3\Engine\Source\Programs\AutomationTool\Localization\Localization.Automation.csproj", "{0AC78B8E-D1AB-36C9-A941-7D07001A7C5E}"
EndProject
Project("{FAE04EC0-301F-11D3-BF4B-00C04F79EFBC}") = "LowLevelTests.Automation", "E:\ProgramFiles\UE_5.3\Engine\Source\Programs\AutomationTool\LowLevelTests\LowLevelTests.Automation.csproj", "{B74BB29A-64F1-33FE-A230-2C5CF96BE598}"
EndProject
Project("{FAE04EC0-301F-11D3-BF4B-00C04F79EFBC}") = "Mac.Automation", "E:\ProgramFiles\UE_5.3\Engine\Source\Programs\AutomationTool\Mac\Mac.Automation.csproj", "{E06E5CF6-70BF-3D00-9BB9-54C02C61B02D}"
EndProject
Project("{FAE04EC0-301F-11D3-BF4B-00C04F79EFBC}") = "OneSkyLocalization.Automation", "E:\ProgramFiles\UE_5.3\Engine\Source\Programs\AutomationTool\OneSkyLocalization\OneSkyLocalization.Automation.csproj", "{7A3F559D-BC22-3533-85F8-7989C644AEDC}"
EndProject
Project("{FAE04EC0-301F-11D3-BF4B-00C04F79EFBC}") = "AutomationScripts.Automation", "E:\ProgramFiles\UE_5.3\Engine\Source\Programs\AutomationTool\Scripts\AutomationScripts.Automation.csproj", "{A976392A-E873-3C2C-8F8C-DFB516D75E82}"
EndProject
Project("{FAE04EC0-301F-11D3-BF4B-00C04F79EFBC}") = "SmartlingLocalization.Automation", "E:\ProgramFiles\UE_5.3\Engine\Source\Programs\AutomationTool\SmartlingLocalization\SmartlingLocalization.Automation.csproj", "{A681690F-18C0-3389-BE59-A2D5D6F991F6}"
EndProject
Project("{FAE04EC0-301F-11D3-BF4B-00C04F79EFBC}") = "SteamDeck.Automation", "E:\ProgramFiles\UE_5.3\Engine\Source\Programs\AutomationTool\SteamDeck\SteamDeck.Automation.csproj", "{14EC0A76-7364-3121-9CAB-1657D12E671C}"
EndProject
Project("{FAE04EC0-301F-11D3-BF4B-00C04F79EFBC}") = "TVOS.Automation", "E:\ProgramFiles\UE_5.3\Engine\Source\Programs\AutomationTool\TVOS\TVOS.Automation.csproj", "{12E897AC-1383-322F-B686-0BFAA098466F}"
EndProject
Project("{FAE04EC0-301F-11D3-BF4B-00C04F79EFBC}") = "Turnkey.Automation", "E:\ProgramFiles\UE_5.3\Engine\Source\Programs\AutomationTool\Turnkey\Turnkey.Automation.csproj", "{787552B0-9646-3162-A1E5-7FBB2ECE4E29}"
EndProject
Project("{FAE04EC0-301F-11D3-BF4B-00C04F79EFBC}") = "Win.Automation", "E:\ProgramFiles\UE_5.3\Engine\Source\Programs\AutomationTool\Win\Win.Automation.csproj", "{9BD8A8BB-59DB-3CD8-8BB9-E332300E005B}"
EndProject
Project("{FAE04EC0-301F-11D3-BF4B-00C04F79EFBC}") = "XLocLocalization.Automation", "E:\ProgramFiles\UE_5.3\Engine\Source\Programs\AutomationTool\XLocLocalization\XLocLocalization.Automation.csproj", "{F384DE55-AF09-38F9-8892-AC43895183F8}"
EndProject
Project("{FAE04EC0-301F-11D3-BF4B-00C04F79EFBC}") = "ScriptGeneratorUbtPlugin.ubtplugin", "E:\ProgramFiles\UE_5.3\Engine\Plugins\ScriptPlugin\Source\ScriptGeneratorUbtPlugin\ScriptGeneratorUbtPlugin.ubtplugin.csproj", "{E7C516A2-3202-32CB-B2CB-B3B113E61C52}"
EndProject
Project("{FAE04EC0-301F-11D3-BF4B-00C04F79EFBC}") = "EpicGames.AspNet", "E:\ProgramFiles\UE_5.3\Engine\Source\Programs\Shared\EpicGames.AspNet\EpicGames.AspNet.csproj", "{4F9506C9-DDE3-342B-86E1-A82996B23002}"
EndProject
Project("{FAE04EC0-301F-11D3-BF4B-00C04F79EFBC}") = "EpicGames.Box", "E:\ProgramFiles\UE_5.3\Engine\Source\Programs\Shared\EpicGames.Box\EpicGames.Box.csproj", "{644685EB-518D-30F6-822B-D57F2F1AC47E}"
EndProject
Project("{FAE04EC0-301F-11D3-BF4B-00C04F79EFBC}") = "EpicGames.Build", "E:\ProgramFiles\UE_5.3\Engine\Source\Programs\Shared\EpicGames.Build\EpicGames.Build.csproj", "{5ACB2447-965C-3EEC-B497-60B48EE52FE5}"
EndProject
Project("{FAE04EC0-301F-11D3-BF4B-00C04F79EFBC}") = "EpicGames.BuildGraph", "E:\ProgramFiles\UE_5.3\Engine\Source\Programs\Shared\EpicGames.BuildGraph\EpicGames.BuildGraph.csproj", "{9706C7C8-D94B-31DF-84BE-C8D780D078FF}"
EndProject
Project("{FAE04EC0-301F-11D3-BF4B-00C04F79EFBC}") = "EpicGames.Core", "E:\ProgramFiles\UE_5.3\Engine\Source\Programs\Shared\EpicGames.Core\EpicGames.Core.csproj", "{2CEE6CDD-AF8C-3453-992D-7C44D7FF1DA2}"
EndProject
Project("{FAE04EC0-301F-11D3-BF4B-00C04F79EFBC}") = "EpicGames.Horde", "E:\ProgramFiles\UE_5.3\Engine\Source\Programs\Shared\EpicGames.Horde\EpicGames.Horde.csproj", "{E07EB79D-FF63-3FBB-A385-DC9F597173A0}"
EndProject
Project("{FAE04EC0-301F-11D3-BF4B-00C04F79EFBC}") = "EpicGames.IoHash", "E:\ProgramFiles\UE_5.3\Engine\Source\Programs\Shared\EpicGames.IoHash\EpicGames.IoHash.csproj", "{4339EBF2-28DE-3947-89EA-6148BF23F3F3}"
EndProject
Project("{FAE04EC0-301F-11D3-BF4B-00C04F79EFBC}") = "EpicGames.Jupiter", "E:\ProgramFiles\UE_5.3\Engine\Source\Programs\Shared\EpicGames.Jupiter\EpicGames.Jupiter.csproj", "{3353701E-E860-3A5B-8A66-9BEAB519B9C5}"
EndProject
Project("{FAE04EC0-301F-11D3-BF4B-00C04F79EFBC}") = "EpicGames.MongoDB", "E:\ProgramFiles\UE_5.3\Engine\Source\Programs\Shared\EpicGames.MongoDB\EpicGames.MongoDB.csproj", "{C702F7D6-6472-3C45-AF2D-9CC9863585C0}"
EndProject
Project("{FAE04EC0-301F-11D3-BF4B-00C04F79EFBC}") = "EpicGames.MsBuild", "E:\ProgramFiles\UE_5.3\Engine\Source\Programs\Shared\EpicGames.MsBuild\EpicGames.MsBuild.csproj", "{52D5908F-2F94-363C-94FA-2FAE0ABF7838}"
EndProject
Project("{FAE04EC0-301F-11D3-BF4B-00C04F79EFBC}") = "EpicGames.OIDC", "E:\ProgramFiles\UE_5.3\Engine\Source\Programs\Shared\EpicGames.OIDC\EpicGames.OIDC.csproj", "{66333F67-BF72-37B1-ABD0-6C29275504A6}"
EndProject
Project("{FAE04EC0-301F-11D3-BF4B-00C04F79EFBC}") = "EpicGames.Oodle", "E:\ProgramFiles\UE_5.3\Engine\Source\Programs\Shared\EpicGames.Oodle\EpicGames.Oodle.csproj", "{3EA3C407-FF94-3FD6-85C2-CD4A7BE2460C}"
EndProject
Project("{FAE04EC0-301F-11D3-BF4B-00C04F79EFBC}") = "EpicGames.Perforce", "E:\ProgramFiles\UE_5.3\Engine\Source\Programs\Shared\EpicGames.Perforce\EpicGames.Perforce.csproj", "{F51C341E-F46A-3628-8658-92B33C8B5CCD}"
EndProject
Project("{FAE04EC0-301F-11D3-BF4B-00C04F79EFBC}") = "EpicGames.Perforce.Fixture", "E:\ProgramFiles\UE_5.3\Engine\Source\Programs\Shared\EpicGames.Perforce.Fixture\EpicGames.Perforce.Fixture.csproj", "{FD1F81C2-A4E4-3236-8F1C-DE971A985411}"
EndProject
Project("{FAE04EC0-301F-11D3-BF4B-00C04F79EFBC}") = "EpicGames.Perforce.Managed", "E:\ProgramFiles\UE_5.3\Engine\Source\Programs\Shared\EpicGames.Perforce.Managed\EpicGames.Perforce.Managed.csproj", "{B468256A-CD88-3E52-8F69-7935DCB85FF9}"
EndProject
Project("{FAE04EC0-301F-11D3-BF4B-00C04F79EFBC}") = "EpicGames.Redis", "E:\ProgramFiles\UE_5.3\Engine\Source\Programs\Shared\EpicGames.Redis\EpicGames.Redis.csproj", "{F2CDA190-71AA-354D-B513-BC40D1EDB642}"
EndProject
Project("{FAE04EC0-301F-11D3-BF4B-00C04F79EFBC}") = "EpicGames.Serialization", "E:\ProgramFiles\UE_5.3\Engine\Source\Programs\Shared\EpicGames.Serialization\EpicGames.Serialization.csproj", "{836235D9-E60B-320D-9401-EB375D62D7D6}"
EndProject
Project("{FAE04EC0-301F-11D3-BF4B-00C04F79EFBC}") = "EpicGames.Slack", "E:\ProgramFiles\UE_5.3\Engine\Source\Programs\Shared\EpicGames.Slack\EpicGames.Slack.csproj", "{72872654-CC77-3556-B6E0-D6223A02E254}"
EndProject
Project("{FAE04EC0-301F-11D3-BF4B-00C04F79EFBC}") = "EpicGames.Tracing", "E:\ProgramFiles\UE_5.3\Engine\Source\Programs\Shared\EpicGames.Tracing\EpicGames.Tracing.csproj", "{82850D57-D104-3FD2-A79B-40470BFBB45D}"
EndProject
Project("{FAE04EC0-301F-11D3-BF4B-00C04F79EFBC}") = "EpicGames.UHT", "E:\ProgramFiles\UE_5.3\Engine\Source\Programs\Shared\EpicGames.UHT\EpicGames.UHT.csproj", "{A86C6711-26DA-32FC-8BE4-D2925A4E57DA}"
EndProject
Project("{FAE04EC0-301F-11D3-BF4B-00C04F79EFBC}") = "SagaGameModuleRules", "Intermediate\Build\BuildRulesProjects\SagaGameModuleRules\SagaGameModuleRules.csproj", "{990C8165-8018-3911-8B96-6C49A8DD725E}"
EndProject
Project("{FAE04EC0-301F-11D3-BF4B-00C04F79EFBC}") = "UE5ProgramRules", "E:\ProgramFiles\UE_5.3\Engine\Intermediate\Build\BuildRulesProjects\UE5ProgramRules\UE5ProgramRules.csproj", "{13F8D6F3-3610-31AD-9A8F-AD372CB38033}"
EndProject
Project("{FAE04EC0-301F-11D3-BF4B-00C04F79EFBC}") = "UE5Rules", "E:\ProgramFiles\UE_5.3\Engine\Intermediate\Build\BuildRulesProjects\UE5Rules\UE5Rules.csproj", "{A78BF0BD-E7D3-38BD-AC5A-09C53DB9D9A7}"
EndProject
Project("{2150E333-8FDC-42A3-9474-1A3956D46DE8}") = "Visualizers", "Visualizers", "{1CCEC849-CC72-4C59-8C36-2F7C38706D4C}"
	ProjectSection(SolutionItems) = preProject
		E:\ProgramFiles\UE_5.3\Engine\Extras\VisualStudioDebugging\Unreal.natvis = E:\ProgramFiles\UE_5.3\Engine\Extras\VisualStudioDebugging\Unreal.natvis
		E:\ProgramFiles\UE_5.3\Engine\Extras\VisualStudioDebugging\Unreal.natstepfilter = E:\ProgramFiles\UE_5.3\Engine\Extras\VisualStudioDebugging\Unreal.natstepfilter
	EndProjectSection
EndProject
Global
	GlobalSection(SolutionConfigurationPlatforms) = preSolution
		DebugGame Editor|Win64 = DebugGame Editor|Win64
		DebugGame|Win64 = DebugGame|Win64
		Development Editor|Win64 = Development Editor|Win64
		Development|Win64 = Development|Win64
		Shipping|Win64 = Shipping|Win64
	EndGlobalSection
	# UnrealVS Section
	GlobalSection(ddbf523f-7eb6-4887-bd51-85a714ff87eb) = preSolution
		AvailablePlatforms=Win64
	EndGlobalSection
	GlobalSection(ProjectConfigurationPlatforms) = postSolution
		{0E3595E9-D42E-38F4-8C87-24D27CF2E364}.DebugGame Editor|Win64.ActiveCfg = DebugGame_Editor|x64
		{0E3595E9-D42E-38F4-8C87-24D27CF2E364}.DebugGame Editor|Win64.Build.0 = DebugGame_Editor|x64
		{0E3595E9-D42E-38F4-8C87-24D27CF2E364}.DebugGame|Win64.ActiveCfg = DebugGame|x64
		{0E3595E9-D42E-38F4-8C87-24D27CF2E364}.DebugGame|Win64.Build.0 = DebugGame|x64
		{0E3595E9-D42E-38F4-8C87-24D27CF2E364}.Development Editor|Win64.ActiveCfg = Development_Editor|x64
		{0E3595E9-D42E-38F4-8C87-24D27CF2E364}.Development Editor|Win64.Build.0 = Development_Editor|x64
		{0E3595E9-D42E-38F4-8C87-24D27CF2E364}.Development|Win64.ActiveCfg = Development|x64
		{0E3595E9-D42E-38F4-8C87-24D27CF2E364}.Development|Win64.Build.0 = Development|x64
		{0E3595E9-D42E-38F4-8C87-24D27CF2E364}.Shipping|Win64.ActiveCfg = Shipping|x64
		{0E3595E9-D42E-38F4-8C87-24D27CF2E364}.Shipping|Win64.Build.0 = Shipping|x64
		{A7964960-BABF-38AF-8A68-0E4EE4B7A7D6}.DebugGame Editor|Win64.ActiveCfg = BuiltWithUnrealBuildTool|Win64
		{A7964960-BABF-38AF-8A68-0E4EE4B7A7D6}.DebugGame|Win64.ActiveCfg = BuiltWithUnrealBuildTool|Win64
		{A7964960-BABF-38AF-8A68-0E4EE4B7A7D6}.Development Editor|Win64.ActiveCfg = BuiltWithUnrealBuildTool|Win64
		{A7964960-BABF-38AF-8A68-0E4EE4B7A7D6}.Development|Win64.ActiveCfg = BuiltWithUnrealBuildTool|Win64
		{A7964960-BABF-38AF-8A68-0E4EE4B7A7D6}.Shipping|Win64.ActiveCfg = BuiltWithUnrealBuildTool|Win64
		{BE97B964-72E1-361E-8FAC-59839C46AB45}.DebugGame Editor|Win64.ActiveCfg = Development|Any CPU
		{BE97B964-72E1-361E-8FAC-59839C46AB45}.DebugGame Editor|Win64.Build.0 = Development|Any CPU
		{BE97B964-72E1-361E-8FAC-59839C46AB45}.DebugGame|Win64.ActiveCfg = Development|Any CPU
		{BE97B964-72E1-361E-8FAC-59839C46AB45}.DebugGame|Win64.Build.0 = Development|Any CPU
		{BE97B964-72E1-361E-8FAC-59839C46AB45}.Development Editor|Win64.ActiveCfg = Development|Any CPU
		{BE97B964-72E1-361E-8FAC-59839C46AB45}.Development Editor|Win64.Build.0 = Development|Any CPU
		{BE97B964-72E1-361E-8FAC-59839C46AB45}.Development|Win64.ActiveCfg = Development|Any CPU
		{BE97B964-72E1-361E-8FAC-59839C46AB45}.Development|Win64.Build.0 = Development|Any CPU
		{BE97B964-72E1-361E-8FAC-59839C46AB45}.Shipping|Win64.ActiveCfg = Development|Any CPU
		{BE97B964-72E1-361E-8FAC-59839C46AB45}.Shipping|Win64.Build.0 = Development|Any CPU
		{F418B12D-E7B6-3033-ADF9-D4F50446AB4D}.DebugGame Editor|Win64.ActiveCfg = Development|Any CPU
		{F418B12D-E7B6-3033-ADF9-D4F50446AB4D}.DebugGame Editor|Win64.Build.0 = Development|Any CPU
		{F418B12D-E7B6-3033-ADF9-D4F50446AB4D}.DebugGame|Win64.ActiveCfg = Development|Any CPU
		{F418B12D-E7B6-3033-ADF9-D4F50446AB4D}.DebugGame|Win64.Build.0 = Development|Any CPU
		{F418B12D-E7B6-3033-ADF9-D4F50446AB4D}.Development Editor|Win64.ActiveCfg = Development|Any CPU
		{F418B12D-E7B6-3033-ADF9-D4F50446AB4D}.Development Editor|Win64.Build.0 = Development|Any CPU
		{F418B12D-E7B6-3033-ADF9-D4F50446AB4D}.Development|Win64.ActiveCfg = Development|Any CPU
		{F418B12D-E7B6-3033-ADF9-D4F50446AB4D}.Development|Win64.Build.0 = Development|Any CPU
		{F418B12D-E7B6-3033-ADF9-D4F50446AB4D}.Shipping|Win64.ActiveCfg = Development|Any CPU
		{F418B12D-E7B6-3033-ADF9-D4F50446AB4D}.Shipping|Win64.Build.0 = Development|Any CPU
		{BA7967AD-1F45-34F4-861E-D7C3AD12CC8E}.DebugGame Editor|Win64.ActiveCfg = Development|Any CPU
		{BA7967AD-1F45-34F4-861E-D7C3AD12CC8E}.DebugGame Editor|Win64.Build.0 = Development|Any CPU
		{BA7967AD-1F45-34F4-861E-D7C3AD12CC8E}.DebugGame|Win64.ActiveCfg = Development|Any CPU
		{BA7967AD-1F45-34F4-861E-D7C3AD12CC8E}.DebugGame|Win64.Build.0 = Development|Any CPU
		{BA7967AD-1F45-34F4-861E-D7C3AD12CC8E}.Development Editor|Win64.ActiveCfg = Development|Any CPU
		{BA7967AD-1F45-34F4-861E-D7C3AD12CC8E}.Development Editor|Win64.Build.0 = Development|Any CPU
		{BA7967AD-1F45-34F4-861E-D7C3AD12CC8E}.Development|Win64.ActiveCfg = Development|Any CPU
		{BA7967AD-1F45-34F4-861E-D7C3AD12CC8E}.Development|Win64.Build.0 = Development|Any CPU
		{BA7967AD-1F45-34F4-861E-D7C3AD12CC8E}.Shipping|Win64.ActiveCfg = Development|Any CPU
		{BA7967AD-1F45-34F4-861E-D7C3AD12CC8E}.Shipping|Win64.Build.0 = Development|Any CPU
		{1D6C010F-9B2C-3EFF-81C2-FEC50E00B782}.DebugGame Editor|Win64.ActiveCfg = Development|Any CPU
		{1D6C010F-9B2C-3EFF-81C2-FEC50E00B782}.DebugGame Editor|Win64.Build.0 = Development|Any CPU
		{1D6C010F-9B2C-3EFF-81C2-FEC50E00B782}.DebugGame|Win64.ActiveCfg = Development|Any CPU
		{1D6C010F-9B2C-3EFF-81C2-FEC50E00B782}.DebugGame|Win64.Build.0 = Development|Any CPU
		{1D6C010F-9B2C-3EFF-81C2-FEC50E00B782}.Development Editor|Win64.ActiveCfg = Development|Any CPU
		{1D6C010F-9B2C-3EFF-81C2-FEC50E00B782}.Development Editor|Win64.Build.0 = Development|Any CPU
		{1D6C010F-9B2C-3EFF-81C2-FEC50E00B782}.Development|Win64.ActiveCfg = Development|Any CPU
		{1D6C010F-9B2C-3EFF-81C2-FEC50E00B782}.Development|Win64.Build.0 = Development|Any CPU
		{1D6C010F-9B2C-3EFF-81C2-FEC50E00B782}.Shipping|Win64.ActiveCfg = Development|Any CPU
		{1D6C010F-9B2C-3EFF-81C2-FEC50E00B782}.Shipping|Win64.Build.0 = Development|Any CPU
		{587016E4-ECEC-3A9A-81A8-41261A2CAB7F}.DebugGame Editor|Win64.ActiveCfg = Development|Any CPU
		{587016E4-ECEC-3A9A-81A8-41261A2CAB7F}.DebugGame Editor|Win64.Build.0 = Development|Any CPU
		{587016E4-ECEC-3A9A-81A8-41261A2CAB7F}.DebugGame|Win64.ActiveCfg = Development|Any CPU
		{587016E4-ECEC-3A9A-81A8-41261A2CAB7F}.DebugGame|Win64.Build.0 = Development|Any CPU
		{587016E4-ECEC-3A9A-81A8-41261A2CAB7F}.Development Editor|Win64.ActiveCfg = Development|Any CPU
		{587016E4-ECEC-3A9A-81A8-41261A2CAB7F}.Development Editor|Win64.Build.0 = Development|Any CPU
		{587016E4-ECEC-3A9A-81A8-41261A2CAB7F}.Development|Win64.ActiveCfg = Development|Any CPU
		{587016E4-ECEC-3A9A-81A8-41261A2CAB7F}.Development|Win64.Build.0 = Development|Any CPU
		{587016E4-ECEC-3A9A-81A8-41261A2CAB7F}.Shipping|Win64.ActiveCfg = Development|Any CPU
		{587016E4-ECEC-3A9A-81A8-41261A2CAB7F}.Shipping|Win64.Build.0 = Development|Any CPU
		{3FC4EEE8-06A7-3C15-96A7-3B82E4463D06}.DebugGame Editor|Win64.ActiveCfg = Development|Any CPU
		{3FC4EEE8-06A7-3C15-96A7-3B82E4463D06}.DebugGame Editor|Win64.Build.0 = Development|Any CPU
		{3FC4EEE8-06A7-3C15-96A7-3B82E4463D06}.DebugGame|Win64.ActiveCfg = Development|Any CPU
		{3FC4EEE8-06A7-3C15-96A7-3B82E4463D06}.DebugGame|Win64.Build.0 = Development|Any CPU
		{3FC4EEE8-06A7-3C15-96A7-3B82E4463D06}.Development Editor|Win64.ActiveCfg = Development|Any CPU
		{3FC4EEE8-06A7-3C15-96A7-3B82E4463D06}.Development Editor|Win64.Build.0 = Development|Any CPU
		{3FC4EEE8-06A7-3C15-96A7-3B82E4463D06}.Development|Win64.ActiveCfg = Development|Any CPU
		{3FC4EEE8-06A7-3C15-96A7-3B82E4463D06}.Development|Win64.Build.0 = Development|Any CPU
		{3FC4EEE8-06A7-3C15-96A7-3B82E4463D06}.Shipping|Win64.ActiveCfg = Development|Any CPU
		{3FC4EEE8-06A7-3C15-96A7-3B82E4463D06}.Shipping|Win64.Build.0 = Development|Any CPU
		{D1F85158-BDE0-3BC7-8D0C-23E9F589B6F0}.DebugGame Editor|Win64.ActiveCfg = Development|Any CPU
		{D1F85158-BDE0-3BC7-8D0C-23E9F589B6F0}.DebugGame Editor|Win64.Build.0 = Development|Any CPU
		{D1F85158-BDE0-3BC7-8D0C-23E9F589B6F0}.DebugGame|Win64.ActiveCfg = Development|Any CPU
		{D1F85158-BDE0-3BC7-8D0C-23E9F589B6F0}.DebugGame|Win64.Build.0 = Development|Any CPU
		{D1F85158-BDE0-3BC7-8D0C-23E9F589B6F0}.Development Editor|Win64.ActiveCfg = Development|Any CPU
		{D1F85158-BDE0-3BC7-8D0C-23E9F589B6F0}.Development Editor|Win64.Build.0 = Development|Any CPU
		{D1F85158-BDE0-3BC7-8D0C-23E9F589B6F0}.Development|Win64.ActiveCfg = Development|Any CPU
		{D1F85158-BDE0-3BC7-8D0C-23E9F589B6F0}.Development|Win64.Build.0 = Development|Any CPU
		{D1F85158-BDE0-3BC7-8D0C-23E9F589B6F0}.Shipping|Win64.ActiveCfg = Development|Any CPU
		{D1F85158-BDE0-3BC7-8D0C-23E9F589B6F0}.Shipping|Win64.Build.0 = Development|Any CPU
		{E630F977-2177-3706-AAF9-4B7D430D7FD7}.DebugGame Editor|Win64.ActiveCfg = Development|Any CPU
		{E630F977-2177-3706-AAF9-4B7D430D7FD7}.DebugGame Editor|Win64.Build.0 = Development|Any CPU
		{E630F977-2177-3706-AAF9-4B7D430D7FD7}.DebugGame|Win64.ActiveCfg = Development|Any CPU
		{E630F977-2177-3706-AAF9-4B7D430D7FD7}.DebugGame|Win64.Build.0 = Development|Any CPU
		{E630F977-2177-3706-AAF9-4B7D430D7FD7}.Development Editor|Win64.ActiveCfg = Development|Any CPU
		{E630F977-2177-3706-AAF9-4B7D430D7FD7}.Development Editor|Win64.Build.0 = Development|Any CPU
		{E630F977-2177-3706-AAF9-4B7D430D7FD7}.Development|Win64.ActiveCfg = Development|Any CPU
		{E630F977-2177-3706-AAF9-4B7D430D7FD7}.Development|Win64.Build.0 = Development|Any CPU
		{E630F977-2177-3706-AAF9-4B7D430D7FD7}.Shipping|Win64.ActiveCfg = Development|Any CPU
		{E630F977-2177-3706-AAF9-4B7D430D7FD7}.Shipping|Win64.Build.0 = Development|Any CPU
		{80E4E318-CB66-30C8-8B3B-AF756AEF4E04}.DebugGame Editor|Win64.ActiveCfg = Development|Any CPU
		{80E4E318-CB66-30C8-8B3B-AF756AEF4E04}.DebugGame Editor|Win64.Build.0 = Development|Any CPU
		{80E4E318-CB66-30C8-8B3B-AF756AEF4E04}.DebugGame|Win64.ActiveCfg = Development|Any CPU
		{80E4E318-CB66-30C8-8B3B-AF756AEF4E04}.DebugGame|Win64.Build.0 = Development|Any CPU
		{80E4E318-CB66-30C8-8B3B-AF756AEF4E04}.Development Editor|Win64.ActiveCfg = Development|Any CPU
		{80E4E318-CB66-30C8-8B3B-AF756AEF4E04}.Development Editor|Win64.Build.0 = Development|Any CPU
		{80E4E318-CB66-30C8-8B3B-AF756AEF4E04}.Development|Win64.ActiveCfg = Development|Any CPU
		{80E4E318-CB66-30C8-8B3B-AF756AEF4E04}.Development|Win64.Build.0 = Development|Any CPU
		{80E4E318-CB66-30C8-8B3B-AF756AEF4E04}.Shipping|Win64.ActiveCfg = Development|Any CPU
		{80E4E318-CB66-30C8-8B3B-AF756AEF4E04}.Shipping|Win64.Build.0 = Development|Any CPU
		{C92CDCDD-12D4-3500-930C-75F75989248C}.DebugGame Editor|Win64.ActiveCfg = Development|Any CPU
		{C92CDCDD-12D4-3500-930C-75F75989248C}.DebugGame Editor|Win64.Build.0 = Development|Any CPU
		{C92CDCDD-12D4-3500-930C-75F75989248C}.DebugGame|Win64.ActiveCfg = Development|Any CPU
		{C92CDCDD-12D4-3500-930C-75F75989248C}.DebugGame|Win64.Build.0 = Development|Any CPU
		{C92CDCDD-12D4-3500-930C-75F75989248C}.Development Editor|Win64.ActiveCfg = Development|Any CPU
		{C92CDCDD-12D4-3500-930C-75F75989248C}.Development Editor|Win64.Build.0 = Development|Any CPU
		{C92CDCDD-12D4-3500-930C-75F75989248C}.Development|Win64.ActiveCfg = Development|Any CPU
		{C92CDCDD-12D4-3500-930C-75F75989248C}.Development|Win64.Build.0 = Development|Any CPU
		{C92CDCDD-12D4-3500-930C-75F75989248C}.Shipping|Win64.ActiveCfg = Development|Any CPU
		{C92CDCDD-12D4-3500-930C-75F75989248C}.Shipping|Win64.Build.0 = Development|Any CPU
		{DB729C8A-434B-3726-A138-A1484C2DDDD9}.DebugGame Editor|Win64.ActiveCfg = Development|Any CPU
		{DB729C8A-434B-3726-A138-A1484C2DDDD9}.DebugGame Editor|Win64.Build.0 = Development|Any CPU
		{DB729C8A-434B-3726-A138-A1484C2DDDD9}.DebugGame|Win64.ActiveCfg = Development|Any CPU
		{DB729C8A-434B-3726-A138-A1484C2DDDD9}.DebugGame|Win64.Build.0 = Development|Any CPU
		{DB729C8A-434B-3726-A138-A1484C2DDDD9}.Development Editor|Win64.ActiveCfg = Development|Any CPU
		{DB729C8A-434B-3726-A138-A1484C2DDDD9}.Development Editor|Win64.Build.0 = Development|Any CPU
		{DB729C8A-434B-3726-A138-A1484C2DDDD9}.Development|Win64.ActiveCfg = Development|Any CPU
		{DB729C8A-434B-3726-A138-A1484C2DDDD9}.Development|Win64.Build.0 = Development|Any CPU
		{DB729C8A-434B-3726-A138-A1484C2DDDD9}.Shipping|Win64.ActiveCfg = Development|Any CPU
		{DB729C8A-434B-3726-A138-A1484C2DDDD9}.Shipping|Win64.Build.0 = Development|Any CPU
		{0AC78B8E-D1AB-36C9-A941-7D07001A7C5E}.DebugGame Editor|Win64.ActiveCfg = Development|Any CPU
		{0AC78B8E-D1AB-36C9-A941-7D07001A7C5E}.DebugGame Editor|Win64.Build.0 = Development|Any CPU
		{0AC78B8E-D1AB-36C9-A941-7D07001A7C5E}.DebugGame|Win64.ActiveCfg = Development|Any CPU
		{0AC78B8E-D1AB-36C9-A941-7D07001A7C5E}.DebugGame|Win64.Build.0 = Development|Any CPU
		{0AC78B8E-D1AB-36C9-A941-7D07001A7C5E}.Development Editor|Win64.ActiveCfg = Development|Any CPU
		{0AC78B8E-D1AB-36C9-A941-7D07001A7C5E}.Development Editor|Win64.Build.0 = Development|Any CPU
		{0AC78B8E-D1AB-36C9-A941-7D07001A7C5E}.Development|Win64.ActiveCfg = Development|Any CPU
		{0AC78B8E-D1AB-36C9-A941-7D07001A7C5E}.Development|Win64.Build.0 = Development|Any CPU
		{0AC78B8E-D1AB-36C9-A941-7D07001A7C5E}.Shipping|Win64.ActiveCfg = Development|Any CPU
		{0AC78B8E-D1AB-36C9-A941-7D07001A7C5E}.Shipping|Win64.Build.0 = Development|Any CPU
		{B74BB29A-64F1-33FE-A230-2C5CF96BE598}.DebugGame Editor|Win64.ActiveCfg = Development|Any CPU
		{B74BB29A-64F1-33FE-A230-2C5CF96BE598}.DebugGame Editor|Win64.Build.0 = Development|Any CPU
		{B74BB29A-64F1-33FE-A230-2C5CF96BE598}.DebugGame|Win64.ActiveCfg = Development|Any CPU
		{B74BB29A-64F1-33FE-A230-2C5CF96BE598}.DebugGame|Win64.Build.0 = Development|Any CPU
		{B74BB29A-64F1-33FE-A230-2C5CF96BE598}.Development Editor|Win64.ActiveCfg = Development|Any CPU
		{B74BB29A-64F1-33FE-A230-2C5CF96BE598}.Development Editor|Win64.Build.0 = Development|Any CPU
		{B74BB29A-64F1-33FE-A230-2C5CF96BE598}.Development|Win64.ActiveCfg = Development|Any CPU
		{B74BB29A-64F1-33FE-A230-2C5CF96BE598}.Development|Win64.Build.0 = Development|Any CPU
		{B74BB29A-64F1-33FE-A230-2C5CF96BE598}.Shipping|Win64.ActiveCfg = Development|Any CPU
		{B74BB29A-64F1-33FE-A230-2C5CF96BE598}.Shipping|Win64.Build.0 = Development|Any CPU
		{E06E5CF6-70BF-3D00-9BB9-54C02C61B02D}.DebugGame Editor|Win64.ActiveCfg = Development|Any CPU
		{E06E5CF6-70BF-3D00-9BB9-54C02C61B02D}.DebugGame Editor|Win64.Build.0 = Development|Any CPU
		{E06E5CF6-70BF-3D00-9BB9-54C02C61B02D}.DebugGame|Win64.ActiveCfg = Development|Any CPU
		{E06E5CF6-70BF-3D00-9BB9-54C02C61B02D}.DebugGame|Win64.Build.0 = Development|Any CPU
		{E06E5CF6-70BF-3D00-9BB9-54C02C61B02D}.Development Editor|Win64.ActiveCfg = Development|Any CPU
		{E06E5CF6-70BF-3D00-9BB9-54C02C61B02D}.Development Editor|Win64.Build.0 = Development|Any CPU
		{E06E5CF6-70BF-3D00-9BB9-54C02C61B02D}.Development|Win64.ActiveCfg = Development|Any CPU
		{E06E5CF6-70BF-3D00-9BB9-54C02C61B02D}.Development|Win64.Build.0 = Development|Any CPU
		{E06E5CF6-70BF-3D00-9BB9-54C02C61B02D}.Shipping|Win64.ActiveCfg = Development|Any CPU
		{E06E5CF6-70BF-3D00-9BB9-54C02C61B02D}.Shipping|Win64.Build.0 = Development|Any CPU
		{7A3F559D-BC22-3533-85F8-7989C644AEDC}.DebugGame Editor|Win64.ActiveCfg = Development|Any CPU
		{7A3F559D-BC22-3533-85F8-7989C644AEDC}.DebugGame Editor|Win64.Build.0 = Development|Any CPU
		{7A3F559D-BC22-3533-85F8-7989C644AEDC}.DebugGame|Win64.ActiveCfg = Development|Any CPU
		{7A3F559D-BC22-3533-85F8-7989C644AEDC}.DebugGame|Win64.Build.0 = Development|Any CPU
		{7A3F559D-BC22-3533-85F8-7989C644AEDC}.Development Editor|Win64.ActiveCfg = Development|Any CPU
		{7A3F559D-BC22-3533-85F8-7989C644AEDC}.Development Editor|Win64.Build.0 = Development|Any CPU
		{7A3F559D-BC22-3533-85F8-7989C644AEDC}.Development|Win64.ActiveCfg = Development|Any CPU
		{7A3F559D-BC22-3533-85F8-7989C644AEDC}.Development|Win64.Build.0 = Development|Any CPU
		{7A3F559D-BC22-3533-85F8-7989C644AEDC}.Shipping|Win64.ActiveCfg = Development|Any CPU
		{7A3F559D-BC22-3533-85F8-7989C644AEDC}.Shipping|Win64.Build.0 = Development|Any CPU
		{A976392A-E873-3C2C-8F8C-DFB516D75E82}.DebugGame Editor|Win64.ActiveCfg = Development|Any CPU
		{A976392A-E873-3C2C-8F8C-DFB516D75E82}.DebugGame Editor|Win64.Build.0 = Development|Any CPU
		{A976392A-E873-3C2C-8F8C-DFB516D75E82}.DebugGame|Win64.ActiveCfg = Development|Any CPU
		{A976392A-E873-3C2C-8F8C-DFB516D75E82}.DebugGame|Win64.Build.0 = Development|Any CPU
		{A976392A-E873-3C2C-8F8C-DFB516D75E82}.Development Editor|Win64.ActiveCfg = Development|Any CPU
		{A976392A-E873-3C2C-8F8C-DFB516D75E82}.Development Editor|Win64.Build.0 = Development|Any CPU
		{A976392A-E873-3C2C-8F8C-DFB516D75E82}.Development|Win64.ActiveCfg = Development|Any CPU
		{A976392A-E873-3C2C-8F8C-DFB516D75E82}.Development|Win64.Build.0 = Development|Any CPU
		{A976392A-E873-3C2C-8F8C-DFB516D75E82}.Shipping|Win64.ActiveCfg = Development|Any CPU
		{A976392A-E873-3C2C-8F8C-DFB516D75E82}.Shipping|Win64.Build.0 = Development|Any CPU
		{A681690F-18C0-3389-BE59-A2D5D6F991F6}.DebugGame Editor|Win64.ActiveCfg = Development|Any CPU
		{A681690F-18C0-3389-BE59-A2D5D6F991F6}.DebugGame Editor|Win64.Build.0 = Development|Any CPU
		{A681690F-18C0-3389-BE59-A2D5D6F991F6}.DebugGame|Win64.ActiveCfg = Development|Any CPU
		{A681690F-18C0-3389-BE59-A2D5D6F991F6}.DebugGame|Win64.Build.0 = Development|Any CPU
		{A681690F-18C0-3389-BE59-A2D5D6F991F6}.Development Editor|Win64.ActiveCfg = Development|Any CPU
		{A681690F-18C0-3389-BE59-A2D5D6F991F6}.Development Editor|Win64.Build.0 = Development|Any CPU
		{A681690F-18C0-3389-BE59-A2D5D6F991F6}.Development|Win64.ActiveCfg = Development|Any CPU
		{A681690F-18C0-3389-BE59-A2D5D6F991F6}.Development|Win64.Build.0 = Development|Any CPU
		{A681690F-18C0-3389-BE59-A2D5D6F991F6}.Shipping|Win64.ActiveCfg = Development|Any CPU
		{A681690F-18C0-3389-BE59-A2D5D6F991F6}.Shipping|Win64.Build.0 = Development|Any CPU
		{14EC0A76-7364-3121-9CAB-1657D12E671C}.DebugGame Editor|Win64.ActiveCfg = Development|Any CPU
		{14EC0A76-7364-3121-9CAB-1657D12E671C}.DebugGame Editor|Win64.Build.0 = Development|Any CPU
		{14EC0A76-7364-3121-9CAB-1657D12E671C}.DebugGame|Win64.ActiveCfg = Development|Any CPU
		{14EC0A76-7364-3121-9CAB-1657D12E671C}.DebugGame|Win64.Build.0 = Development|Any CPU
		{14EC0A76-7364-3121-9CAB-1657D12E671C}.Development Editor|Win64.ActiveCfg = Development|Any CPU
		{14EC0A76-7364-3121-9CAB-1657D12E671C}.Development Editor|Win64.Build.0 = Development|Any CPU
		{14EC0A76-7364-3121-9CAB-1657D12E671C}.Development|Win64.ActiveCfg = Development|Any CPU
		{14EC0A76-7364-3121-9CAB-1657D12E671C}.Development|Win64.Build.0 = Development|Any CPU
		{14EC0A76-7364-3121-9CAB-1657D12E671C}.Shipping|Win64.ActiveCfg = Development|Any CPU
		{14EC0A76-7364-3121-9CAB-1657D12E671C}.Shipping|Win64.Build.0 = Development|Any CPU
		{12E897AC-1383-322F-B686-0BFAA098466F}.DebugGame Editor|Win64.ActiveCfg = Development|Any CPU
		{12E897AC-1383-322F-B686-0BFAA098466F}.DebugGame Editor|Win64.Build.0 = Development|Any CPU
		{12E897AC-1383-322F-B686-0BFAA098466F}.DebugGame|Win64.ActiveCfg = Development|Any CPU
		{12E897AC-1383-322F-B686-0BFAA098466F}.DebugGame|Win64.Build.0 = Development|Any CPU
		{12E897AC-1383-322F-B686-0BFAA098466F}.Development Editor|Win64.ActiveCfg = Development|Any CPU
		{12E897AC-1383-322F-B686-0BFAA098466F}.Development Editor|Win64.Build.0 = Development|Any CPU
		{12E897AC-1383-322F-B686-0BFAA098466F}.Development|Win64.ActiveCfg = Development|Any CPU
		{12E897AC-1383-322F-B686-0BFAA098466F}.Development|Win64.Build.0 = Development|Any CPU
		{12E897AC-1383-322F-B686-0BFAA098466F}.Shipping|Win64.ActiveCfg = Development|Any CPU
		{12E897AC-1383-322F-B686-0BFAA098466F}.Shipping|Win64.Build.0 = Development|Any CPU
		{787552B0-9646-3162-A1E5-7FBB2ECE4E29}.DebugGame Editor|Win64.ActiveCfg = Development|Any CPU
		{787552B0-9646-3162-A1E5-7FBB2ECE4E29}.DebugGame Editor|Win64.Build.0 = Development|Any CPU
		{787552B0-9646-3162-A1E5-7FBB2ECE4E29}.DebugGame|Win64.ActiveCfg = Development|Any CPU
		{787552B0-9646-3162-A1E5-7FBB2ECE4E29}.DebugGame|Win64.Build.0 = Development|Any CPU
		{787552B0-9646-3162-A1E5-7FBB2ECE4E29}.Development Editor|Win64.ActiveCfg = Development|Any CPU
		{787552B0-9646-3162-A1E5-7FBB2ECE4E29}.Development Editor|Win64.Build.0 = Development|Any CPU
		{787552B0-9646-3162-A1E5-7FBB2ECE4E29}.Development|Win64.ActiveCfg = Development|Any CPU
		{787552B0-9646-3162-A1E5-7FBB2ECE4E29}.Development|Win64.Build.0 = Development|Any CPU
		{787552B0-9646-3162-A1E5-7FBB2ECE4E29}.Shipping|Win64.ActiveCfg = Development|Any CPU
		{787552B0-9646-3162-A1E5-7FBB2ECE4E29}.Shipping|Win64.Build.0 = Development|Any CPU
		{9BD8A8BB-59DB-3CD8-8BB9-E332300E005B}.DebugGame Editor|Win64.ActiveCfg = Development|Any CPU
		{9BD8A8BB-59DB-3CD8-8BB9-E332300E005B}.DebugGame Editor|Win64.Build.0 = Development|Any CPU
		{9BD8A8BB-59DB-3CD8-8BB9-E332300E005B}.DebugGame|Win64.ActiveCfg = Development|Any CPU
		{9BD8A8BB-59DB-3CD8-8BB9-E332300E005B}.DebugGame|Win64.Build.0 = Development|Any CPU
		{9BD8A8BB-59DB-3CD8-8BB9-E332300E005B}.Development Editor|Win64.ActiveCfg = Development|Any CPU
		{9BD8A8BB-59DB-3CD8-8BB9-E332300E005B}.Development Editor|Win64.Build.0 = Development|Any CPU
		{9BD8A8BB-59DB-3CD8-8BB9-E332300E005B}.Development|Win64.ActiveCfg = Development|Any CPU
		{9BD8A8BB-59DB-3CD8-8BB9-E332300E005B}.Development|Win64.Build.0 = Development|Any CPU
		{9BD8A8BB-59DB-3CD8-8BB9-E332300E005B}.Shipping|Win64.ActiveCfg = Development|Any CPU
		{9BD8A8BB-59DB-3CD8-8BB9-E332300E005B}.Shipping|Win64.Build.0 = Development|Any CPU
		{F384DE55-AF09-38F9-8892-AC43895183F8}.DebugGame Editor|Win64.ActiveCfg = Development|Any CPU
		{F384DE55-AF09-38F9-8892-AC43895183F8}.DebugGame Editor|Win64.Build.0 = Development|Any CPU
		{F384DE55-AF09-38F9-8892-AC43895183F8}.DebugGame|Win64.ActiveCfg = Development|Any CPU
		{F384DE55-AF09-38F9-8892-AC43895183F8}.DebugGame|Win64.Build.0 = Development|Any CPU
		{F384DE55-AF09-38F9-8892-AC43895183F8}.Development Editor|Win64.ActiveCfg = Development|Any CPU
		{F384DE55-AF09-38F9-8892-AC43895183F8}.Development Editor|Win64.Build.0 = Development|Any CPU
		{F384DE55-AF09-38F9-8892-AC43895183F8}.Development|Win64.ActiveCfg = Development|Any CPU
		{F384DE55-AF09-38F9-8892-AC43895183F8}.Development|Win64.Build.0 = Development|Any CPU
		{F384DE55-AF09-38F9-8892-AC43895183F8}.Shipping|Win64.ActiveCfg = Development|Any CPU
		{F384DE55-AF09-38F9-8892-AC43895183F8}.Shipping|Win64.Build.0 = Development|Any CPU
		{E7C516A2-3202-32CB-B2CB-B3B113E61C52}.DebugGame Editor|Win64.ActiveCfg = Development|Any CPU
		{E7C516A2-3202-32CB-B2CB-B3B113E61C52}.DebugGame Editor|Win64.Build.0 = Development|Any CPU
		{E7C516A2-3202-32CB-B2CB-B3B113E61C52}.DebugGame|Win64.ActiveCfg = Development|Any CPU
		{E7C516A2-3202-32CB-B2CB-B3B113E61C52}.DebugGame|Win64.Build.0 = Development|Any CPU
		{E7C516A2-3202-32CB-B2CB-B3B113E61C52}.Development Editor|Win64.ActiveCfg = Development|Any CPU
		{E7C516A2-3202-32CB-B2CB-B3B113E61C52}.Development Editor|Win64.Build.0 = Development|Any CPU
		{E7C516A2-3202-32CB-B2CB-B3B113E61C52}.Development|Win64.ActiveCfg = Development|Any CPU
		{E7C516A2-3202-32CB-B2CB-B3B113E61C52}.Development|Win64.Build.0 = Development|Any CPU
		{E7C516A2-3202-32CB-B2CB-B3B113E61C52}.Shipping|Win64.ActiveCfg = Development|Any CPU
		{E7C516A2-3202-32CB-B2CB-B3B113E61C52}.Shipping|Win64.Build.0 = Development|Any CPU
		{4F9506C9-DDE3-342B-86E1-A82996B23002}.DebugGame Editor|Win64.ActiveCfg = Development|Any CPU
		{4F9506C9-DDE3-342B-86E1-A82996B23002}.DebugGame Editor|Win64.Build.0 = Development|Any CPU
		{4F9506C9-DDE3-342B-86E1-A82996B23002}.DebugGame|Win64.ActiveCfg = Development|Any CPU
		{4F9506C9-DDE3-342B-86E1-A82996B23002}.DebugGame|Win64.Build.0 = Development|Any CPU
		{4F9506C9-DDE3-342B-86E1-A82996B23002}.Development Editor|Win64.ActiveCfg = Development|Any CPU
		{4F9506C9-DDE3-342B-86E1-A82996B23002}.Development Editor|Win64.Build.0 = Development|Any CPU
		{4F9506C9-DDE3-342B-86E1-A82996B23002}.Development|Win64.ActiveCfg = Development|Any CPU
		{4F9506C9-DDE3-342B-86E1-A82996B23002}.Development|Win64.Build.0 = Development|Any CPU
		{4F9506C9-DDE3-342B-86E1-A82996B23002}.Shipping|Win64.ActiveCfg = Development|Any CPU
		{4F9506C9-DDE3-342B-86E1-A82996B23002}.Shipping|Win64.Build.0 = Development|Any CPU
		{644685EB-518D-30F6-822B-D57F2F1AC47E}.DebugGame Editor|Win64.ActiveCfg = Development|Any CPU
		{644685EB-518D-30F6-822B-D57F2F1AC47E}.DebugGame Editor|Win64.Build.0 = Development|Any CPU
		{644685EB-518D-30F6-822B-D57F2F1AC47E}.DebugGame|Win64.ActiveCfg = Development|Any CPU
		{644685EB-518D-30F6-822B-D57F2F1AC47E}.DebugGame|Win64.Build.0 = Development|Any CPU
		{644685EB-518D-30F6-822B-D57F2F1AC47E}.Development Editor|Win64.ActiveCfg = Development|Any CPU
		{644685EB-518D-30F6-822B-D57F2F1AC47E}.Development Editor|Win64.Build.0 = Development|Any CPU
		{644685EB-518D-30F6-822B-D57F2F1AC47E}.Development|Win64.ActiveCfg = Development|Any CPU
		{644685EB-518D-30F6-822B-D57F2F1AC47E}.Development|Win64.Build.0 = Development|Any CPU
		{644685EB-518D-30F6-822B-D57F2F1AC47E}.Shipping|Win64.ActiveCfg = Development|Any CPU
		{644685EB-518D-30F6-822B-D57F2F1AC47E}.Shipping|Win64.Build.0 = Development|Any CPU
		{5ACB2447-965C-3EEC-B497-60B48EE52FE5}.DebugGame Editor|Win64.ActiveCfg = Development|Any CPU
		{5ACB2447-965C-3EEC-B497-60B48EE52FE5}.DebugGame Editor|Win64.Build.0 = Development|Any CPU
		{5ACB2447-965C-3EEC-B497-60B48EE52FE5}.DebugGame|Win64.ActiveCfg = Development|Any CPU
		{5ACB2447-965C-3EEC-B497-60B48EE52FE5}.DebugGame|Win64.Build.0 = Development|Any CPU
		{5ACB2447-965C-3EEC-B497-60B48EE52FE5}.Development Editor|Win64.ActiveCfg = Development|Any CPU
		{5ACB2447-965C-3EEC-B497-60B48EE52FE5}.Development Editor|Win64.Build.0 = Development|Any CPU
		{5ACB2447-965C-3EEC-B497-60B48EE52FE5}.Development|Win64.ActiveCfg = Development|Any CPU
		{5ACB2447-965C-3EEC-B497-60B48EE52FE5}.Development|Win64.Build.0 = Development|Any CPU
		{5ACB2447-965C-3EEC-B497-60B48EE52FE5}.Shipping|Win64.ActiveCfg = Development|Any CPU
		{5ACB2447-965C-3EEC-B497-60B48EE52FE5}.Shipping|Win64.Build.0 = Development|Any CPU
		{9706C7C8-D94B-31DF-84BE-C8D780D078FF}.DebugGame Editor|Win64.ActiveCfg = Development|Any CPU
		{9706C7C8-D94B-31DF-84BE-C8D780D078FF}.DebugGame Editor|Win64.Build.0 = Development|Any CPU
		{9706C7C8-D94B-31DF-84BE-C8D780D078FF}.DebugGame|Win64.ActiveCfg = Development|Any CPU
		{9706C7C8-D94B-31DF-84BE-C8D780D078FF}.DebugGame|Win64.Build.0 = Development|Any CPU
		{9706C7C8-D94B-31DF-84BE-C8D780D078FF}.Development Editor|Win64.ActiveCfg = Development|Any CPU
		{9706C7C8-D94B-31DF-84BE-C8D780D078FF}.Development Editor|Win64.Build.0 = Development|Any CPU
		{9706C7C8-D94B-31DF-84BE-C8D780D078FF}.Development|Win64.ActiveCfg = Development|Any CPU
		{9706C7C8-D94B-31DF-84BE-C8D780D078FF}.Development|Win64.Build.0 = Development|Any CPU
		{9706C7C8-D94B-31DF-84BE-C8D780D078FF}.Shipping|Win64.ActiveCfg = Development|Any CPU
		{9706C7C8-D94B-31DF-84BE-C8D780D078FF}.Shipping|Win64.Build.0 = Development|Any CPU
		{2CEE6CDD-AF8C-3453-992D-7C44D7FF1DA2}.DebugGame Editor|Win64.ActiveCfg = Development|Any CPU
		{2CEE6CDD-AF8C-3453-992D-7C44D7FF1DA2}.DebugGame Editor|Win64.Build.0 = Development|Any CPU
		{2CEE6CDD-AF8C-3453-992D-7C44D7FF1DA2}.DebugGame|Win64.ActiveCfg = Development|Any CPU
		{2CEE6CDD-AF8C-3453-992D-7C44D7FF1DA2}.DebugGame|Win64.Build.0 = Development|Any CPU
		{2CEE6CDD-AF8C-3453-992D-7C44D7FF1DA2}.Development Editor|Win64.ActiveCfg = Development|Any CPU
		{2CEE6CDD-AF8C-3453-992D-7C44D7FF1DA2}.Development Editor|Win64.Build.0 = Development|Any CPU
		{2CEE6CDD-AF8C-3453-992D-7C44D7FF1DA2}.Development|Win64.ActiveCfg = Development|Any CPU
		{2CEE6CDD-AF8C-3453-992D-7C44D7FF1DA2}.Development|Win64.Build.0 = Development|Any CPU
		{2CEE6CDD-AF8C-3453-992D-7C44D7FF1DA2}.Shipping|Win64.ActiveCfg = Development|Any CPU
		{2CEE6CDD-AF8C-3453-992D-7C44D7FF1DA2}.Shipping|Win64.Build.0 = Development|Any CPU
		{E07EB79D-FF63-3FBB-A385-DC9F597173A0}.DebugGame Editor|Win64.ActiveCfg = Development|Any CPU
		{E07EB79D-FF63-3FBB-A385-DC9F597173A0}.DebugGame Editor|Win64.Build.0 = Development|Any CPU
		{E07EB79D-FF63-3FBB-A385-DC9F597173A0}.DebugGame|Win64.ActiveCfg = Development|Any CPU
		{E07EB79D-FF63-3FBB-A385-DC9F597173A0}.DebugGame|Win64.Build.0 = Development|Any CPU
		{E07EB79D-FF63-3FBB-A385-DC9F597173A0}.Development Editor|Win64.ActiveCfg = Development|Any CPU
		{E07EB79D-FF63-3FBB-A385-DC9F597173A0}.Development Editor|Win64.Build.0 = Development|Any CPU
		{E07EB79D-FF63-3FBB-A385-DC9F597173A0}.Development|Win64.ActiveCfg = Development|Any CPU
		{E07EB79D-FF63-3FBB-A385-DC9F597173A0}.Development|Win64.Build.0 = Development|Any CPU
		{E07EB79D-FF63-3FBB-A385-DC9F597173A0}.Shipping|Win64.ActiveCfg = Development|Any CPU
		{E07EB79D-FF63-3FBB-A385-DC9F597173A0}.Shipping|Win64.Build.0 = Development|Any CPU
		{4339EBF2-28DE-3947-89EA-6148BF23F3F3}.DebugGame Editor|Win64.ActiveCfg = Development|Any CPU
		{4339EBF2-28DE-3947-89EA-6148BF23F3F3}.DebugGame Editor|Win64.Build.0 = Development|Any CPU
		{4339EBF2-28DE-3947-89EA-6148BF23F3F3}.DebugGame|Win64.ActiveCfg = Development|Any CPU
		{4339EBF2-28DE-3947-89EA-6148BF23F3F3}.DebugGame|Win64.Build.0 = Development|Any CPU
		{4339EBF2-28DE-3947-89EA-6148BF23F3F3}.Development Editor|Win64.ActiveCfg = Development|Any CPU
		{4339EBF2-28DE-3947-89EA-6148BF23F3F3}.Development Editor|Win64.Build.0 = Development|Any CPU
		{4339EBF2-28DE-3947-89EA-6148BF23F3F3}.Development|Win64.ActiveCfg = Development|Any CPU
		{4339EBF2-28DE-3947-89EA-6148BF23F3F3}.Development|Win64.Build.0 = Development|Any CPU
		{4339EBF2-28DE-3947-89EA-6148BF23F3F3}.Shipping|Win64.ActiveCfg = Development|Any CPU
		{4339EBF2-28DE-3947-89EA-6148BF23F3F3}.Shipping|Win64.Build.0 = Development|Any CPU
		{3353701E-E860-3A5B-8A66-9BEAB519B9C5}.DebugGame Editor|Win64.ActiveCfg = Development|Any CPU
		{3353701E-E860-3A5B-8A66-9BEAB519B9C5}.DebugGame Editor|Win64.Build.0 = Development|Any CPU
		{3353701E-E860-3A5B-8A66-9BEAB519B9C5}.DebugGame|Win64.ActiveCfg = Development|Any CPU
		{3353701E-E860-3A5B-8A66-9BEAB519B9C5}.DebugGame|Win64.Build.0 = Development|Any CPU
		{3353701E-E860-3A5B-8A66-9BEAB519B9C5}.Development Editor|Win64.ActiveCfg = Development|Any CPU
		{3353701E-E860-3A5B-8A66-9BEAB519B9C5}.Development Editor|Win64.Build.0 = Development|Any CPU
		{3353701E-E860-3A5B-8A66-9BEAB519B9C5}.Development|Win64.ActiveCfg = Development|Any CPU
		{3353701E-E860-3A5B-8A66-9BEAB519B9C5}.Development|Win64.Build.0 = Development|Any CPU
		{3353701E-E860-3A5B-8A66-9BEAB519B9C5}.Shipping|Win64.ActiveCfg = Development|Any CPU
		{3353701E-E860-3A5B-8A66-9BEAB519B9C5}.Shipping|Win64.Build.0 = Development|Any CPU
		{C702F7D6-6472-3C45-AF2D-9CC9863585C0}.DebugGame Editor|Win64.ActiveCfg = Development|Any CPU
		{C702F7D6-6472-3C45-AF2D-9CC9863585C0}.DebugGame Editor|Win64.Build.0 = Development|Any CPU
		{C702F7D6-6472-3C45-AF2D-9CC9863585C0}.DebugGame|Win64.ActiveCfg = Development|Any CPU
		{C702F7D6-6472-3C45-AF2D-9CC9863585C0}.DebugGame|Win64.Build.0 = Development|Any CPU
		{C702F7D6-6472-3C45-AF2D-9CC9863585C0}.Development Editor|Win64.ActiveCfg = Development|Any CPU
		{C702F7D6-6472-3C45-AF2D-9CC9863585C0}.Development Editor|Win64.Build.0 = Development|Any CPU
		{C702F7D6-6472-3C45-AF2D-9CC9863585C0}.Development|Win64.ActiveCfg = Development|Any CPU
		{C702F7D6-6472-3C45-AF2D-9CC9863585C0}.Development|Win64.Build.0 = Development|Any CPU
		{C702F7D6-6472-3C45-AF2D-9CC9863585C0}.Shipping|Win64.ActiveCfg = Development|Any CPU
		{C702F7D6-6472-3C45-AF2D-9CC9863585C0}.Shipping|Win64.Build.0 = Development|Any CPU
		{52D5908F-2F94-363C-94FA-2FAE0ABF7838}.DebugGame Editor|Win64.ActiveCfg = Development|Any CPU
		{52D5908F-2F94-363C-94FA-2FAE0ABF7838}.DebugGame Editor|Win64.Build.0 = Development|Any CPU
		{52D5908F-2F94-363C-94FA-2FAE0ABF7838}.DebugGame|Win64.ActiveCfg = Development|Any CPU
		{52D5908F-2F94-363C-94FA-2FAE0ABF7838}.DebugGame|Win64.Build.0 = Development|Any CPU
		{52D5908F-2F94-363C-94FA-2FAE0ABF7838}.Development Editor|Win64.ActiveCfg = Development|Any CPU
		{52D5908F-2F94-363C-94FA-2FAE0ABF7838}.Development Editor|Win64.Build.0 = Development|Any CPU
		{52D5908F-2F94-363C-94FA-2FAE0ABF7838}.Development|Win64.ActiveCfg = Development|Any CPU
		{52D5908F-2F94-363C-94FA-2FAE0ABF7838}.Development|Win64.Build.0 = Development|Any CPU
		{52D5908F-2F94-363C-94FA-2FAE0ABF7838}.Shipping|Win64.ActiveCfg = Development|Any CPU
		{52D5908F-2F94-363C-94FA-2FAE0ABF7838}.Shipping|Win64.Build.0 = Development|Any CPU
		{66333F67-BF72-37B1-ABD0-6C29275504A6}.DebugGame Editor|Win64.ActiveCfg = Development|Any CPU
		{66333F67-BF72-37B1-ABD0-6C29275504A6}.DebugGame Editor|Win64.Build.0 = Development|Any CPU
		{66333F67-BF72-37B1-ABD0-6C29275504A6}.DebugGame|Win64.ActiveCfg = Development|Any CPU
		{66333F67-BF72-37B1-ABD0-6C29275504A6}.DebugGame|Win64.Build.0 = Development|Any CPU
		{66333F67-BF72-37B1-ABD0-6C29275504A6}.Development Editor|Win64.ActiveCfg = Development|Any CPU
		{66333F67-BF72-37B1-ABD0-6C29275504A6}.Development Editor|Win64.Build.0 = Development|Any CPU
		{66333F67-BF72-37B1-ABD0-6C29275504A6}.Development|Win64.ActiveCfg = Development|Any CPU
		{66333F67-BF72-37B1-ABD0-6C29275504A6}.Development|Win64.Build.0 = Development|Any CPU
		{66333F67-BF72-37B1-ABD0-6C29275504A6}.Shipping|Win64.ActiveCfg = Development|Any CPU
		{66333F67-BF72-37B1-ABD0-6C29275504A6}.Shipping|Win64.Build.0 = Development|Any CPU
		{3EA3C407-FF94-3FD6-85C2-CD4A7BE2460C}.DebugGame Editor|Win64.ActiveCfg = Development|Any CPU
		{3EA3C407-FF94-3FD6-85C2-CD4A7BE2460C}.DebugGame Editor|Win64.Build.0 = Development|Any CPU
		{3EA3C407-FF94-3FD6-85C2-CD4A7BE2460C}.DebugGame|Win64.ActiveCfg = Development|Any CPU
		{3EA3C407-FF94-3FD6-85C2-CD4A7BE2460C}.DebugGame|Win64.Build.0 = Development|Any CPU
		{3EA3C407-FF94-3FD6-85C2-CD4A7BE2460C}.Development Editor|Win64.ActiveCfg = Development|Any CPU
		{3EA3C407-FF94-3FD6-85C2-CD4A7BE2460C}.Development Editor|Win64.Build.0 = Development|Any CPU
		{3EA3C407-FF94-3FD6-85C2-CD4A7BE2460C}.Development|Win64.ActiveCfg = Development|Any CPU
		{3EA3C407-FF94-3FD6-85C2-CD4A7BE2460C}.Development|Win64.Build.0 = Development|Any CPU
		{3EA3C407-FF94-3FD6-85C2-CD4A7BE2460C}.Shipping|Win64.ActiveCfg = Development|Any CPU
		{3EA3C407-FF94-3FD6-85C2-CD4A7BE2460C}.Shipping|Win64.Build.0 = Development|Any CPU
		{F51C341E-F46A-3628-8658-92B33C8B5CCD}.DebugGame Editor|Win64.ActiveCfg = Development|Any CPU
		{F51C341E-F46A-3628-8658-92B33C8B5CCD}.DebugGame Editor|Win64.Build.0 = Development|Any CPU
		{F51C341E-F46A-3628-8658-92B33C8B5CCD}.DebugGame|Win64.ActiveCfg = Development|Any CPU
		{F51C341E-F46A-3628-8658-92B33C8B5CCD}.DebugGame|Win64.Build.0 = Development|Any CPU
		{F51C341E-F46A-3628-8658-92B33C8B5CCD}.Development Editor|Win64.ActiveCfg = Development|Any CPU
		{F51C341E-F46A-3628-8658-92B33C8B5CCD}.Development Editor|Win64.Build.0 = Development|Any CPU
		{F51C341E-F46A-3628-8658-92B33C8B5CCD}.Development|Win64.ActiveCfg = Development|Any CPU
		{F51C341E-F46A-3628-8658-92B33C8B5CCD}.Development|Win64.Build.0 = Development|Any CPU
		{F51C341E-F46A-3628-8658-92B33C8B5CCD}.Shipping|Win64.ActiveCfg = Development|Any CPU
		{F51C341E-F46A-3628-8658-92B33C8B5CCD}.Shipping|Win64.Build.0 = Development|Any CPU
		{FD1F81C2-A4E4-3236-8F1C-DE971A985411}.DebugGame Editor|Win64.ActiveCfg = Development|Any CPU
		{FD1F81C2-A4E4-3236-8F1C-DE971A985411}.DebugGame Editor|Win64.Build.0 = Development|Any CPU
		{FD1F81C2-A4E4-3236-8F1C-DE971A985411}.DebugGame|Win64.ActiveCfg = Development|Any CPU
		{FD1F81C2-A4E4-3236-8F1C-DE971A985411}.DebugGame|Win64.Build.0 = Development|Any CPU
		{FD1F81C2-A4E4-3236-8F1C-DE971A985411}.Development Editor|Win64.ActiveCfg = Development|Any CPU
		{FD1F81C2-A4E4-3236-8F1C-DE971A985411}.Development Editor|Win64.Build.0 = Development|Any CPU
		{FD1F81C2-A4E4-3236-8F1C-DE971A985411}.Development|Win64.ActiveCfg = Development|Any CPU
		{FD1F81C2-A4E4-3236-8F1C-DE971A985411}.Development|Win64.Build.0 = Development|Any CPU
		{FD1F81C2-A4E4-3236-8F1C-DE971A985411}.Shipping|Win64.ActiveCfg = Development|Any CPU
		{FD1F81C2-A4E4-3236-8F1C-DE971A985411}.Shipping|Win64.Build.0 = Development|Any CPU
		{B468256A-CD88-3E52-8F69-7935DCB85FF9}.DebugGame Editor|Win64.ActiveCfg = Development|Any CPU
		{B468256A-CD88-3E52-8F69-7935DCB85FF9}.DebugGame Editor|Win64.Build.0 = Development|Any CPU
		{B468256A-CD88-3E52-8F69-7935DCB85FF9}.DebugGame|Win64.ActiveCfg = Development|Any CPU
		{B468256A-CD88-3E52-8F69-7935DCB85FF9}.DebugGame|Win64.Build.0 = Development|Any CPU
		{B468256A-CD88-3E52-8F69-7935DCB85FF9}.Development Editor|Win64.ActiveCfg = Development|Any CPU
		{B468256A-CD88-3E52-8F69-7935DCB85FF9}.Development Editor|Win64.Build.0 = Development|Any CPU
		{B468256A-CD88-3E52-8F69-7935DCB85FF9}.Development|Win64.ActiveCfg = Development|Any CPU
		{B468256A-CD88-3E52-8F69-7935DCB85FF9}.Development|Win64.Build.0 = Development|Any CPU
		{B468256A-CD88-3E52-8F69-7935DCB85FF9}.Shipping|Win64.ActiveCfg = Development|Any CPU
		{B468256A-CD88-3E52-8F69-7935DCB85FF9}.Shipping|Win64.Build.0 = Development|Any CPU
		{F2CDA190-71AA-354D-B513-BC40D1EDB642}.DebugGame Editor|Win64.ActiveCfg = Development|Any CPU
		{F2CDA190-71AA-354D-B513-BC40D1EDB642}.DebugGame Editor|Win64.Build.0 = Development|Any CPU
		{F2CDA190-71AA-354D-B513-BC40D1EDB642}.DebugGame|Win64.ActiveCfg = Development|Any CPU
		{F2CDA190-71AA-354D-B513-BC40D1EDB642}.DebugGame|Win64.Build.0 = Development|Any CPU
		{F2CDA190-71AA-354D-B513-BC40D1EDB642}.Development Editor|Win64.ActiveCfg = Development|Any CPU
		{F2CDA190-71AA-354D-B513-BC40D1EDB642}.Development Editor|Win64.Build.0 = Development|Any CPU
		{F2CDA190-71AA-354D-B513-BC40D1EDB642}.Development|Win64.ActiveCfg = Development|Any CPU
		{F2CDA190-71AA-354D-B513-BC40D1EDB642}.Development|Win64.Build.0 = Development|Any CPU
		{F2CDA190-71AA-354D-B513-BC40D1EDB642}.Shipping|Win64.ActiveCfg = Development|Any CPU
		{F2CDA190-71AA-354D-B513-BC40D1EDB642}.Shipping|Win64.Build.0 = Development|Any CPU
		{836235D9-E60B-320D-9401-EB375D62D7D6}.DebugGame Editor|Win64.ActiveCfg = Development|Any CPU
		{836235D9-E60B-320D-9401-EB375D62D7D6}.DebugGame Editor|Win64.Build.0 = Development|Any CPU
		{836235D9-E60B-320D-9401-EB375D62D7D6}.DebugGame|Win64.ActiveCfg = Development|Any CPU
		{836235D9-E60B-320D-9401-EB375D62D7D6}.DebugGame|Win64.Build.0 = Development|Any CPU
		{836235D9-E60B-320D-9401-EB375D62D7D6}.Development Editor|Win64.ActiveCfg = Development|Any CPU
		{836235D9-E60B-320D-9401-EB375D62D7D6}.Development Editor|Win64.Build.0 = Development|Any CPU
		{836235D9-E60B-320D-9401-EB375D62D7D6}.Development|Win64.ActiveCfg = Development|Any CPU
		{836235D9-E60B-320D-9401-EB375D62D7D6}.Development|Win64.Build.0 = Development|Any CPU
		{836235D9-E60B-320D-9401-EB375D62D7D6}.Shipping|Win64.ActiveCfg = Development|Any CPU
		{836235D9-E60B-320D-9401-EB375D62D7D6}.Shipping|Win64.Build.0 = Development|Any CPU
		{72872654-CC77-3556-B6E0-D6223A02E254}.DebugGame Editor|Win64.ActiveCfg = Development|Any CPU
		{72872654-CC77-3556-B6E0-D6223A02E254}.DebugGame Editor|Win64.Build.0 = Development|Any CPU
		{72872654-CC77-3556-B6E0-D6223A02E254}.DebugGame|Win64.ActiveCfg = Development|Any CPU
		{72872654-CC77-3556-B6E0-D6223A02E254}.DebugGame|Win64.Build.0 = Development|Any CPU
		{72872654-CC77-3556-B6E0-D6223A02E254}.Development Editor|Win64.ActiveCfg = Development|Any CPU
		{72872654-CC77-3556-B6E0-D6223A02E254}.Development Editor|Win64.Build.0 = Development|Any CPU
		{72872654-CC77-3556-B6E0-D6223A02E254}.Development|Win64.ActiveCfg = Development|Any CPU
		{72872654-CC77-3556-B6E0-D6223A02E254}.Development|Win64.Build.0 = Development|Any CPU
		{72872654-CC77-3556-B6E0-D6223A02E254}.Shipping|Win64.ActiveCfg = Development|Any CPU
		{72872654-CC77-3556-B6E0-D6223A02E254}.Shipping|Win64.Build.0 = Development|Any CPU
		{82850D57-D104-3FD2-A79B-40470BFBB45D}.DebugGame Editor|Win64.ActiveCfg = Development|Any CPU
		{82850D57-D104-3FD2-A79B-40470BFBB45D}.DebugGame Editor|Win64.Build.0 = Development|Any CPU
		{82850D57-D104-3FD2-A79B-40470BFBB45D}.DebugGame|Win64.ActiveCfg = Development|Any CPU
		{82850D57-D104-3FD2-A79B-40470BFBB45D}.DebugGame|Win64.Build.0 = Development|Any CPU
		{82850D57-D104-3FD2-A79B-40470BFBB45D}.Development Editor|Win64.ActiveCfg = Development|Any CPU
		{82850D57-D104-3FD2-A79B-40470BFBB45D}.Development Editor|Win64.Build.0 = Development|Any CPU
		{82850D57-D104-3FD2-A79B-40470BFBB45D}.Development|Win64.ActiveCfg = Development|Any CPU
		{82850D57-D104-3FD2-A79B-40470BFBB45D}.Development|Win64.Build.0 = Development|Any CPU
		{82850D57-D104-3FD2-A79B-40470BFBB45D}.Shipping|Win64.ActiveCfg = Development|Any CPU
		{82850D57-D104-3FD2-A79B-40470BFBB45D}.Shipping|Win64.Build.0 = Development|Any CPU
		{A86C6711-26DA-32FC-8BE4-D2925A4E57DA}.DebugGame Editor|Win64.ActiveCfg = Development|Any CPU
		{A86C6711-26DA-32FC-8BE4-D2925A4E57DA}.DebugGame Editor|Win64.Build.0 = Development|Any CPU
		{A86C6711-26DA-32FC-8BE4-D2925A4E57DA}.DebugGame|Win64.ActiveCfg = Development|Any CPU
		{A86C6711-26DA-32FC-8BE4-D2925A4E57DA}.DebugGame|Win64.Build.0 = Development|Any CPU
		{A86C6711-26DA-32FC-8BE4-D2925A4E57DA}.Development Editor|Win64.ActiveCfg = Development|Any CPU
		{A86C6711-26DA-32FC-8BE4-D2925A4E57DA}.Development Editor|Win64.Build.0 = Development|Any CPU
		{A86C6711-26DA-32FC-8BE4-D2925A4E57DA}.Development|Win64.ActiveCfg = Development|Any CPU
		{A86C6711-26DA-32FC-8BE4-D2925A4E57DA}.Development|Win64.Build.0 = Development|Any CPU
		{A86C6711-26DA-32FC-8BE4-D2925A4E57DA}.Shipping|Win64.ActiveCfg = Development|Any CPU
		{A86C6711-26DA-32FC-8BE4-D2925A4E57DA}.Shipping|Win64.Build.0 = Development|Any CPU
		{990C8165-8018-3911-8B96-6C49A8DD725E}.DebugGame Editor|Win64.ActiveCfg = Development|Any CPU
		{990C8165-8018-3911-8B96-6C49A8DD725E}.DebugGame Editor|Win64.Build.0 = Development|Any CPU
		{990C8165-8018-3911-8B96-6C49A8DD725E}.DebugGame|Win64.ActiveCfg = Development|Any CPU
		{990C8165-8018-3911-8B96-6C49A8DD725E}.DebugGame|Win64.Build.0 = Development|Any CPU
		{990C8165-8018-3911-8B96-6C49A8DD725E}.Development Editor|Win64.ActiveCfg = Development|Any CPU
		{990C8165-8018-3911-8B96-6C49A8DD725E}.Development Editor|Win64.Build.0 = Development|Any CPU
		{990C8165-8018-3911-8B96-6C49A8DD725E}.Development|Win64.ActiveCfg = Development|Any CPU
		{990C8165-8018-3911-8B96-6C49A8DD725E}.Development|Win64.Build.0 = Development|Any CPU
		{990C8165-8018-3911-8B96-6C49A8DD725E}.Shipping|Win64.ActiveCfg = Development|Any CPU
		{990C8165-8018-3911-8B96-6C49A8DD725E}.Shipping|Win64.Build.0 = Development|Any CPU
		{13F8D6F3-3610-31AD-9A8F-AD372CB38033}.DebugGame Editor|Win64.ActiveCfg = Development|Any CPU
		{13F8D6F3-3610-31AD-9A8F-AD372CB38033}.DebugGame Editor|Win64.Build.0 = Development|Any CPU
		{13F8D6F3-3610-31AD-9A8F-AD372CB38033}.DebugGame|Win64.ActiveCfg = Development|Any CPU
		{13F8D6F3-3610-31AD-9A8F-AD372CB38033}.DebugGame|Win64.Build.0 = Development|Any CPU
		{13F8D6F3-3610-31AD-9A8F-AD372CB38033}.Development Editor|Win64.ActiveCfg = Development|Any CPU
		{13F8D6F3-3610-31AD-9A8F-AD372CB38033}.Development Editor|Win64.Build.0 = Development|Any CPU
		{13F8D6F3-3610-31AD-9A8F-AD372CB38033}.Development|Win64.ActiveCfg = Development|Any CPU
		{13F8D6F3-3610-31AD-9A8F-AD372CB38033}.Development|Win64.Build.0 = Development|Any CPU
		{13F8D6F3-3610-31AD-9A8F-AD372CB38033}.Shipping|Win64.ActiveCfg = Development|Any CPU
		{13F8D6F3-3610-31AD-9A8F-AD372CB38033}.Shipping|Win64.Build.0 = Development|Any CPU
		{A78BF0BD-E7D3-38BD-AC5A-09C53DB9D9A7}.DebugGame Editor|Win64.ActiveCfg = Development|Any CPU
		{A78BF0BD-E7D3-38BD-AC5A-09C53DB9D9A7}.DebugGame Editor|Win64.Build.0 = Development|Any CPU
		{A78BF0BD-E7D3-38BD-AC5A-09C53DB9D9A7}.DebugGame|Win64.ActiveCfg = Development|Any CPU
		{A78BF0BD-E7D3-38BD-AC5A-09C53DB9D9A7}.DebugGame|Win64.Build.0 = Development|Any CPU
		{A78BF0BD-E7D3-38BD-AC5A-09C53DB9D9A7}.Development Editor|Win64.ActiveCfg = Development|Any CPU
		{A78BF0BD-E7D3-38BD-AC5A-09C53DB9D9A7}.Development Editor|Win64.Build.0 = Development|Any CPU
		{A78BF0BD-E7D3-38BD-AC5A-09C53DB9D9A7}.Development|Win64.ActiveCfg = Development|Any CPU
		{A78BF0BD-E7D3-38BD-AC5A-09C53DB9D9A7}.Development|Win64.Build.0 = Development|Any CPU
		{A78BF0BD-E7D3-38BD-AC5A-09C53DB9D9A7}.Shipping|Win64.ActiveCfg = Development|Any CPU
		{A78BF0BD-E7D3-38BD-AC5A-09C53DB9D9A7}.Shipping|Win64.Build.0 = Development|Any CPU
	EndGlobalSection
	GlobalSection(SolutionProperties) = preSolution
		HideSolutionNode = FALSE
	EndGlobalSection
	GlobalSection(NestedProjects) = preSolution
		{A7964960-BABF-38AF-8A68-0E4EE4B7A7D6} = {233774A8-CC9D-3FA9-86D1-90573E92B704}
		{0E3595E9-D42E-38F4-8C87-24D27CF2E364} = {DE1F8B53-6C02-3C13-9101-A7C8D96F3FF6}
		{BE97B964-72E1-361E-8FAC-59839C46AB45} = {A338B9E2-A559-34BE-A46D-F789DD488FAD}
		{F418B12D-E7B6-3033-ADF9-D4F50446AB4D} = {A338B9E2-A559-34BE-A46D-F789DD488FAD}
		{0BFBE63A-B98A-3411-8EEB-8918FEC737B3} = {A338B9E2-A559-34BE-A46D-F789DD488FAD}
		{7B5CFB44-F0FB-31DF-AE62-C3C096A29A7B} = {A338B9E2-A559-34BE-A46D-F789DD488FAD}
		{57713676-9DBE-331C-AD10-26632AC9EE0C} = {A338B9E2-A559-34BE-A46D-F789DD488FAD}
		{BA7967AD-1F45-34F4-861E-D7C3AD12CC8E} = {0BFBE63A-B98A-3411-8EEB-8918FEC737B3}
		{1D6C010F-9B2C-3EFF-81C2-FEC50E00B782} = {0BFBE63A-B98A-3411-8EEB-8918FEC737B3}
		{587016E4-ECEC-3A9A-81A8-41261A2CAB7F} = {0BFBE63A-B98A-3411-8EEB-8918FEC737B3}
		{3FC4EEE8-06A7-3C15-96A7-3B82E4463D06} = {0BFBE63A-B98A-3411-8EEB-8918FEC737B3}
		{D1F85158-BDE0-3BC7-8D0C-23E9F589B6F0} = {0BFBE63A-B98A-3411-8EEB-8918FEC737B3}
		{E630F977-2177-3706-AAF9-4B7D430D7FD7} = {0BFBE63A-B98A-3411-8EEB-8918FEC737B3}
		{80E4E318-CB66-30C8-8B3B-AF756AEF4E04} = {0BFBE63A-B98A-3411-8EEB-8918FEC737B3}
		{C92CDCDD-12D4-3500-930C-75F75989248C} = {0BFBE63A-B98A-3411-8EEB-8918FEC737B3}
		{DB729C8A-434B-3726-A138-A1484C2DDDD9} = {0BFBE63A-B98A-3411-8EEB-8918FEC737B3}
		{0AC78B8E-D1AB-36C9-A941-7D07001A7C5E} = {0BFBE63A-B98A-3411-8EEB-8918FEC737B3}
		{B74BB29A-64F1-33FE-A230-2C5CF96BE598} = {0BFBE63A-B98A-3411-8EEB-8918FEC737B3}
		{E06E5CF6-70BF-3D00-9BB9-54C02C61B02D} = {0BFBE63A-B98A-3411-8EEB-8918FEC737B3}
		{7A3F559D-BC22-3533-85F8-7989C644AEDC} = {0BFBE63A-B98A-3411-8EEB-8918FEC737B3}
		{A976392A-E873-3C2C-8F8C-DFB516D75E82} = {0BFBE63A-B98A-3411-8EEB-8918FEC737B3}
		{A681690F-18C0-3389-BE59-A2D5D6F991F6} = {0BFBE63A-B98A-3411-8EEB-8918FEC737B3}
		{14EC0A76-7364-3121-9CAB-1657D12E671C} = {0BFBE63A-B98A-3411-8EEB-8918FEC737B3}
		{12E897AC-1383-322F-B686-0BFAA098466F} = {0BFBE63A-B98A-3411-8EEB-8918FEC737B3}
		{787552B0-9646-3162-A1E5-7FBB2ECE4E29} = {0BFBE63A-B98A-3411-8EEB-8918FEC737B3}
		{9BD8A8BB-59DB-3CD8-8BB9-E332300E005B} = {0BFBE63A-B98A-3411-8EEB-8918FEC737B3}
		{F384DE55-AF09-38F9-8892-AC43895183F8} = {0BFBE63A-B98A-3411-8EEB-8918FEC737B3}
		{E7C516A2-3202-32CB-B2CB-B3B113E61C52} = {7B5CFB44-F0FB-31DF-AE62-C3C096A29A7B}
		{4F9506C9-DDE3-342B-86E1-A82996B23002} = {57713676-9DBE-331C-AD10-26632AC9EE0C}
		{644685EB-518D-30F6-822B-D57F2F1AC47E} = {57713676-9DBE-331C-AD10-26632AC9EE0C}
		{5ACB2447-965C-3EEC-B497-60B48EE52FE5} = {57713676-9DBE-331C-AD10-26632AC9EE0C}
		{9706C7C8-D94B-31DF-84BE-C8D780D078FF} = {57713676-9DBE-331C-AD10-26632AC9EE0C}
		{2CEE6CDD-AF8C-3453-992D-7C44D7FF1DA2} = {57713676-9DBE-331C-AD10-26632AC9EE0C}
		{E07EB79D-FF63-3FBB-A385-DC9F597173A0} = {57713676-9DBE-331C-AD10-26632AC9EE0C}
		{4339EBF2-28DE-3947-89EA-6148BF23F3F3} = {57713676-9DBE-331C-AD10-26632AC9EE0C}
		{3353701E-E860-3A5B-8A66-9BEAB519B9C5} = {57713676-9DBE-331C-AD10-26632AC9EE0C}
		{C702F7D6-6472-3C45-AF2D-9CC9863585C0} = {57713676-9DBE-331C-AD10-26632AC9EE0C}
		{52D5908F-2F94-363C-94FA-2FAE0ABF7838} = {57713676-9DBE-331C-AD10-26632AC9EE0C}
		{66333F67-BF72-37B1-ABD0-6C29275504A6} = {57713676-9DBE-331C-AD10-26632AC9EE0C}
		{3EA3C407-FF94-3FD6-85C2-CD4A7BE2460C} = {57713676-9DBE-331C-AD10-26632AC9EE0C}
		{F51C341E-F46A-3628-8658-92B33C8B5CCD} = {57713676-9DBE-331C-AD10-26632AC9EE0C}
		{FD1F81C2-A4E4-3236-8F1C-DE971A985411} = {57713676-9DBE-331C-AD10-26632AC9EE0C}
		{B468256A-CD88-3E52-8F69-7935DCB85FF9} = {57713676-9DBE-331C-AD10-26632AC9EE0C}
		{F2CDA190-71AA-354D-B513-BC40D1EDB642} = {57713676-9DBE-331C-AD10-26632AC9EE0C}
		{836235D9-E60B-320D-9401-EB375D62D7D6} = {57713676-9DBE-331C-AD10-26632AC9EE0C}
		{72872654-CC77-3556-B6E0-D6223A02E254} = {57713676-9DBE-331C-AD10-26632AC9EE0C}
		{82850D57-D104-3FD2-A79B-40470BFBB45D} = {57713676-9DBE-331C-AD10-26632AC9EE0C}
		{A86C6711-26DA-32FC-8BE4-D2925A4E57DA} = {57713676-9DBE-331C-AD10-26632AC9EE0C}
		{990C8165-8018-3911-8B96-6C49A8DD725E} = {C2F57ECE-B26F-39D8-BDA7-C1D40BD8F180}
		{13F8D6F3-3610-31AD-9A8F-AD372CB38033} = {C2F57ECE-B26F-39D8-BDA7-C1D40BD8F180}
		{A78BF0BD-E7D3-38BD-AC5A-09C53DB9D9A7} = {C2F57ECE-B26F-39D8-BDA7-C1D40BD8F180}
	EndGlobalSection
EndGlobal
